
Microsoft Visual Studio Solution File, Format Version 12.00
# Visual Studio Version 16
VisualStudioVersion = 16.0.28606.126
MinimumVisualStudioVersion = 10.0.40219.1
Project("{8BC9CEB8-8B4A-11D0-8D11-00A0C91BC942}") = "GLEngine", "GLEngine\GLEngine.vcxproj", "{CE0F2368-C0DB-4372-A4BB-86FEFD09F1E6}"
EndProject
Project("{8BC9CEB8-8B4A-11D0-8D11-00A0C91BC942}") = "GLResourceBuilder", "GLResourceBuilder\GLResourceBuilder.vcxproj", "{0F3E4B8F-D9D0-403E-BFED-C06FCA069B58}"
	ProjectSection(ProjectDependencies) = postProject
		{CE0F2368-C0DB-4372-A4BB-86FEFD09F1E6} = {CE0F2368-C0DB-4372-A4BB-86FEFD09F1E6}
	EndProjectSection
EndProject
Project("{8BC9CEB8-8B4A-11D0-8D11-00A0C91BC942}") = "GLApp", "GLApp\GLApp.vcxproj", "{A7F44879-8351-4675-A471-8FA1F224AFD8}"
	ProjectSection(ProjectDependencies) = postProject
		{CE0F2368-C0DB-4372-A4BB-86FEFD09F1E6} = {CE0F2368-C0DB-4372-A4BB-86FEFD09F1E6}
	EndProjectSection
EndProject
Project("{8BC9CEB8-8B4A-11D0-8D11-00A0C91BC942}") = "GLBoatGame", "GLBoatGame\GLBoatGame.vcxproj", "{C8BA1D50-0B76-48CF-B2AF-F5EFB8B82D11}"
	ProjectSection(ProjectDependencies) = postProject
		{CE0F2368-C0DB-4372-A4BB-86FEFD09F1E6} = {CE0F2368-C0DB-4372-A4BB-86FEFD09F1E6}
	EndProjectSection
EndProject
Project("{FAE04EC0-301F-11D3-BF4B-00C04F79EFBC}") = "GLEditor", "GLEditor\GLEditor.csproj", "{D23D1F3F-76EB-409C-8DED-CCCC51881A7C}"
EndProject
Project("{2150E333-8FDC-42A3-9474-1A3956D46DE8}") = "Engine", "Engine", "{1DC4F22D-C50C-4D19-B459-8755E67EF3FA}"
EndProject
Project("{2150E333-8FDC-42A3-9474-1A3956D46DE8}") = "Apps", "Apps", "{EC14B05F-66A2-41EF-9F1B-E4DC47C8E60E}"
EndProject
Project("{8BC9CEB8-8B4A-11D0-8D11-00A0C91BC942}") = "Graphics", "Engine\Graphics\Graphics.vcxproj", "{72F40585-557E-420E-9280-7CA4ABFB5055}"
	ProjectSection(ProjectDependencies) = postProject
		{CBD32F00-FB91-48C4-AC0A-D82C3D839B1D} = {CBD32F00-FB91-48C4-AC0A-D82C3D839B1D}
		{664E6F0D-6784-4760-9565-D54F8EB1EDF4} = {664E6F0D-6784-4760-9565-D54F8EB1EDF4}
		{55AE3D72-7DE6-F19F-AEF2-9AE8CA26CF3D} = {55AE3D72-7DE6-F19F-AEF2-9AE8CA26CF3D}
		{81CE8DAF-EBB2-4761-8E45-B71ABCCA8C68} = {81CE8DAF-EBB2-4761-8E45-B71ABCCA8C68}
		{522212F3-4A54-46B7-AE41-258DA92F42AC} = {522212F3-4A54-46B7-AE41-258DA92F42AC}
	EndProjectSection
EndProject
Project("{8BC9CEB8-8B4A-11D0-8D11-00A0C91BC942}") = "Network", "Engine\Network\Network.vcxproj", "{CF4291D7-AAA7-4DB8-9379-F7B1C122556D}"
	ProjectSection(ProjectDependencies) = postProject
		{CBD32F00-FB91-48C4-AC0A-D82C3D839B1D} = {CBD32F00-FB91-48C4-AC0A-D82C3D839B1D}
		{522212F3-4A54-46B7-AE41-258DA92F42AC} = {522212F3-4A54-46B7-AE41-258DA92F42AC}
	EndProjectSection
EndProject
Project("{8BC9CEB8-8B4A-11D0-8D11-00A0C91BC942}") = "Input", "Engine\Input\Input.vcxproj", "{C3CAD7FA-AF32-497F-A663-072EDB67868B}"
	ProjectSection(ProjectDependencies) = postProject
		{CBD32F00-FB91-48C4-AC0A-D82C3D839B1D} = {CBD32F00-FB91-48C4-AC0A-D82C3D839B1D}
		{522212F3-4A54-46B7-AE41-258DA92F42AC} = {522212F3-4A54-46B7-AE41-258DA92F42AC}
	EndProjectSection
EndProject
Project("{8BC9CEB8-8B4A-11D0-8D11-00A0C91BC942}") = "Database", "Engine\Database\Database.vcxproj", "{496B1D15-D950-4485-B562-4DFB9698D703}"
	ProjectSection(ProjectDependencies) = postProject
		{CBD32F00-FB91-48C4-AC0A-D82C3D839B1D} = {CBD32F00-FB91-48C4-AC0A-D82C3D839B1D}
		{522212F3-4A54-46B7-AE41-258DA92F42AC} = {522212F3-4A54-46B7-AE41-258DA92F42AC}
	EndProjectSection
EndProject
Project("{8BC9CEB8-8B4A-11D0-8D11-00A0C91BC942}") = "Filesystem", "Engine\Filesystem\Filesystem.vcxproj", "{046DF223-A61D-4229-A823-A01DA5688B2E}"
	ProjectSection(ProjectDependencies) = postProject
		{CBD32F00-FB91-48C4-AC0A-D82C3D839B1D} = {CBD32F00-FB91-48C4-AC0A-D82C3D839B1D}
		{522212F3-4A54-46B7-AE41-258DA92F42AC} = {522212F3-4A54-46B7-AE41-258DA92F42AC}
	EndProjectSection
EndProject
Project("{8BC9CEB8-8B4A-11D0-8D11-00A0C91BC942}") = "Core", "Engine\Core\Core.vcxproj", "{522212F3-4A54-46B7-AE41-258DA92F42AC}"
	ProjectSection(ProjectDependencies) = postProject
		{2EF1BB7E-355B-4C3C-BF07-C54231C105C0} = {2EF1BB7E-355B-4C3C-BF07-C54231C105C0}
	EndProjectSection
EndProject
Project("{8BC9CEB8-8B4A-11D0-8D11-00A0C91BC942}") = "ThirdParty", "Engine\ThirdParty\ThirdParty.vcxproj", "{CBD32F00-FB91-48C4-AC0A-D82C3D839B1D}"
	ProjectSection(ProjectDependencies) = postProject
		{2EF1BB7E-355B-4C3C-BF07-C54231C105C0} = {2EF1BB7E-355B-4C3C-BF07-C54231C105C0}
	EndProjectSection
EndProject
Project("{8BC9CEB8-8B4A-11D0-8D11-00A0C91BC942}") = "App", "Apps\App\App.vcxproj", "{DD33D3D6-909C-414B-8E09-C12C99E13B54}"
	ProjectSection(ProjectDependencies) = postProject
		{CBD32F00-FB91-48C4-AC0A-D82C3D839B1D} = {CBD32F00-FB91-48C4-AC0A-D82C3D839B1D}
		{496B1D15-D950-4485-B562-4DFB9698D703} = {496B1D15-D950-4485-B562-4DFB9698D703}
		{046DF223-A61D-4229-A823-A01DA5688B2E} = {046DF223-A61D-4229-A823-A01DA5688B2E}
		{72F40585-557E-420E-9280-7CA4ABFB5055} = {72F40585-557E-420E-9280-7CA4ABFB5055}
		{CF4291D7-AAA7-4DB8-9379-F7B1C122556D} = {CF4291D7-AAA7-4DB8-9379-F7B1C122556D}
		{9568FDDD-9F20-48C9-9FEB-BDAE1E714332} = {9568FDDD-9F20-48C9-9FEB-BDAE1E714332}
		{C7AC6FEE-68ED-431F-95E3-9BC98B456582} = {C7AC6FEE-68ED-431F-95E3-9BC98B456582}
		{522212F3-4A54-46B7-AE41-258DA92F42AC} = {522212F3-4A54-46B7-AE41-258DA92F42AC}
		{C3CAD7FA-AF32-497F-A663-072EDB67868B} = {C3CAD7FA-AF32-497F-A663-072EDB67868B}
	EndProjectSection
EndProject
Project("{8BC9CEB8-8B4A-11D0-8D11-00A0C91BC942}") = "Threading", "Engine\Threading\Threading.vcxproj", "{C7AC6FEE-68ED-431F-95E3-9BC98B456582}"
	ProjectSection(ProjectDependencies) = postProject
		{CBD32F00-FB91-48C4-AC0A-D82C3D839B1D} = {CBD32F00-FB91-48C4-AC0A-D82C3D839B1D}
		{522212F3-4A54-46B7-AE41-258DA92F42AC} = {522212F3-4A54-46B7-AE41-258DA92F42AC}
	EndProjectSection
EndProject
Project("{2150E333-8FDC-42A3-9474-1A3956D46DE8}") = "Dependencies", "Dependencies", "{F86B7390-B23F-4400-8BDC-FB67E22A2857}"
EndProject
Project("{8BC9CEB8-8B4A-11D0-8D11-00A0C91BC942}") = "SDL2", "Dependencies\SDL2-2.0.8\VisualC\SDL\SDL.vcxproj", "{81CE8DAF-EBB2-4761-8E45-B71ABCCA8C68}"
EndProject
Project("{8BC9CEB8-8B4A-11D0-8D11-00A0C91BC942}") = "EntitySystem", "Engine\EntitySystem\EntitySystem.vcxproj", "{9568FDDD-9F20-48C9-9FEB-BDAE1E714332}"
	ProjectSection(ProjectDependencies) = postProject
		{CBD32F00-FB91-48C4-AC0A-D82C3D839B1D} = {CBD32F00-FB91-48C4-AC0A-D82C3D839B1D}
		{522212F3-4A54-46B7-AE41-258DA92F42AC} = {522212F3-4A54-46B7-AE41-258DA92F42AC}
	EndProjectSection
EndProject
Project("{8BC9CEB8-8B4A-11D0-8D11-00A0C91BC942}") = "glew_shared", "Dependencies\glew\build\vc15\glew_shared.vcxproj", "{55AE3D72-7DE6-F19F-AEF2-9AE8CA26CF3D}"
EndProject
Project("{8BC9CEB8-8B4A-11D0-8D11-00A0C91BC942}") = "glew_static", "Dependencies\glew\build\vc15\glew_static.vcxproj", "{664E6F0D-6784-4760-9565-D54F8EB1EDF4}"
EndProject
Project("{2150E333-8FDC-42A3-9474-1A3956D46DE8}") = "Old", "Old", "{B5F55833-6362-4079-8E76-8B69AD24B9EA}"
EndProject
Project("{8BC9CEB8-8B4A-11D0-8D11-00A0C91BC942}") = "ModuleLister", "Dependencies\ModuleLister\ModuleLister.vcxproj", "{2EF1BB7E-355B-4C3C-BF07-C54231C105C0}"
EndProject
Global
	GlobalSection(SolutionConfigurationPlatforms) = preSolution
		DebugDLL|Any CPU = DebugDLL|Any CPU
		DebugDLL|x64 = DebugDLL|x64
		DebugDLL|x86 = DebugDLL|x86
		DebugLib|Any CPU = DebugLib|Any CPU
		DebugLib|x64 = DebugLib|x64
		DebugLib|x86 = DebugLib|x86
		ReleaseDLL|Any CPU = ReleaseDLL|Any CPU
		ReleaseDLL|x64 = ReleaseDLL|x64
		ReleaseDLL|x86 = ReleaseDLL|x86
		ReleaseLib|Any CPU = ReleaseLib|Any CPU
		ReleaseLib|x64 = ReleaseLib|x64
		ReleaseLib|x86 = ReleaseLib|x86
	EndGlobalSection
	GlobalSection(ProjectConfigurationPlatforms) = postSolution
		{CE0F2368-C0DB-4372-A4BB-86FEFD09F1E6}.DebugDLL|Any CPU.ActiveCfg = DebugDLL|x64
		{CE0F2368-C0DB-4372-A4BB-86FEFD09F1E6}.DebugDLL|x64.ActiveCfg = DebugDLL|x64
		{CE0F2368-C0DB-4372-A4BB-86FEFD09F1E6}.DebugDLL|x86.ActiveCfg = DebugDLL|x64
		{CE0F2368-C0DB-4372-A4BB-86FEFD09F1E6}.DebugLib|Any CPU.ActiveCfg = DebugLib|x64
		{CE0F2368-C0DB-4372-A4BB-86FEFD09F1E6}.DebugLib|x64.ActiveCfg = DebugLib|x64
		{CE0F2368-C0DB-4372-A4BB-86FEFD09F1E6}.DebugLib|x86.ActiveCfg = DebugLib|x64
		{CE0F2368-C0DB-4372-A4BB-86FEFD09F1E6}.ReleaseDLL|Any CPU.ActiveCfg = ReleaseDLL|x64
		{CE0F2368-C0DB-4372-A4BB-86FEFD09F1E6}.ReleaseDLL|x64.ActiveCfg = ReleaseDLL|x64
		{CE0F2368-C0DB-4372-A4BB-86FEFD09F1E6}.ReleaseDLL|x86.ActiveCfg = ReleaseDLL|x64
		{CE0F2368-C0DB-4372-A4BB-86FEFD09F1E6}.ReleaseLib|Any CPU.ActiveCfg = ReleaseLib|x64
		{CE0F2368-C0DB-4372-A4BB-86FEFD09F1E6}.ReleaseLib|x64.ActiveCfg = ReleaseLib|x64
		{CE0F2368-C0DB-4372-A4BB-86FEFD09F1E6}.ReleaseLib|x86.ActiveCfg = ReleaseLib|x64
		{0F3E4B8F-D9D0-403E-BFED-C06FCA069B58}.DebugDLL|Any CPU.ActiveCfg = DebugDLL|x64
		{0F3E4B8F-D9D0-403E-BFED-C06FCA069B58}.DebugDLL|x64.ActiveCfg = DebugDLL|x64
		{0F3E4B8F-D9D0-403E-BFED-C06FCA069B58}.DebugDLL|x86.ActiveCfg = DebugDLL|x64
		{0F3E4B8F-D9D0-403E-BFED-C06FCA069B58}.DebugLib|Any CPU.ActiveCfg = DebugLib|x64
		{0F3E4B8F-D9D0-403E-BFED-C06FCA069B58}.DebugLib|x64.ActiveCfg = DebugLib|x64
		{0F3E4B8F-D9D0-403E-BFED-C06FCA069B58}.DebugLib|x86.ActiveCfg = DebugLib|x64
		{0F3E4B8F-D9D0-403E-BFED-C06FCA069B58}.ReleaseDLL|Any CPU.ActiveCfg = ReleaseDLL|x64
		{0F3E4B8F-D9D0-403E-BFED-C06FCA069B58}.ReleaseDLL|x64.ActiveCfg = ReleaseDLL|x64
		{0F3E4B8F-D9D0-403E-BFED-C06FCA069B58}.ReleaseDLL|x86.ActiveCfg = ReleaseDLL|x64
		{0F3E4B8F-D9D0-403E-BFED-C06FCA069B58}.ReleaseLib|Any CPU.ActiveCfg = ReleaseLib|x64
		{0F3E4B8F-D9D0-403E-BFED-C06FCA069B58}.ReleaseLib|x64.ActiveCfg = ReleaseLib|x64
		{0F3E4B8F-D9D0-403E-BFED-C06FCA069B58}.ReleaseLib|x86.ActiveCfg = ReleaseLib|x64
		{A7F44879-8351-4675-A471-8FA1F224AFD8}.DebugDLL|Any CPU.ActiveCfg = DebugDLL|x64
		{A7F44879-8351-4675-A471-8FA1F224AFD8}.DebugDLL|x64.ActiveCfg = DebugDLL|x64
		{A7F44879-8351-4675-A471-8FA1F224AFD8}.DebugDLL|x86.ActiveCfg = DebugDLL|x64
		{A7F44879-8351-4675-A471-8FA1F224AFD8}.DebugLib|Any CPU.ActiveCfg = DebugLib|x64
		{A7F44879-8351-4675-A471-8FA1F224AFD8}.DebugLib|x64.ActiveCfg = DebugLib|x64
		{A7F44879-8351-4675-A471-8FA1F224AFD8}.DebugLib|x86.ActiveCfg = DebugLib|x64
		{A7F44879-8351-4675-A471-8FA1F224AFD8}.ReleaseDLL|Any CPU.ActiveCfg = ReleaseDLL|x64
		{A7F44879-8351-4675-A471-8FA1F224AFD8}.ReleaseDLL|x64.ActiveCfg = ReleaseDLL|x64
		{A7F44879-8351-4675-A471-8FA1F224AFD8}.ReleaseDLL|x86.ActiveCfg = ReleaseDLL|x64
		{A7F44879-8351-4675-A471-8FA1F224AFD8}.ReleaseLib|Any CPU.ActiveCfg = ReleaseLib|x64
		{A7F44879-8351-4675-A471-8FA1F224AFD8}.ReleaseLib|x64.ActiveCfg = ReleaseLib|x64
		{A7F44879-8351-4675-A471-8FA1F224AFD8}.ReleaseLib|x86.ActiveCfg = ReleaseLib|x64
		{C8BA1D50-0B76-48CF-B2AF-F5EFB8B82D11}.DebugDLL|Any CPU.ActiveCfg = DebugDLL|x64
		{C8BA1D50-0B76-48CF-B2AF-F5EFB8B82D11}.DebugDLL|x64.ActiveCfg = DebugDLL|x64
		{C8BA1D50-0B76-48CF-B2AF-F5EFB8B82D11}.DebugDLL|x86.ActiveCfg = DebugDLL|x64
		{C8BA1D50-0B76-48CF-B2AF-F5EFB8B82D11}.DebugLib|Any CPU.ActiveCfg = DebugLib|x64
		{C8BA1D50-0B76-48CF-B2AF-F5EFB8B82D11}.DebugLib|x64.ActiveCfg = DebugLib|x64
		{C8BA1D50-0B76-48CF-B2AF-F5EFB8B82D11}.DebugLib|x86.ActiveCfg = DebugLib|x64
		{C8BA1D50-0B76-48CF-B2AF-F5EFB8B82D11}.ReleaseDLL|Any CPU.ActiveCfg = ReleaseDLL|x64
		{C8BA1D50-0B76-48CF-B2AF-F5EFB8B82D11}.ReleaseDLL|x64.ActiveCfg = ReleaseDLL|x64
		{C8BA1D50-0B76-48CF-B2AF-F5EFB8B82D11}.ReleaseDLL|x86.ActiveCfg = ReleaseDLL|x64
		{C8BA1D50-0B76-48CF-B2AF-F5EFB8B82D11}.ReleaseLib|Any CPU.ActiveCfg = ReleaseLib|x64
		{C8BA1D50-0B76-48CF-B2AF-F5EFB8B82D11}.ReleaseLib|x64.ActiveCfg = ReleaseLib|x64
		{C8BA1D50-0B76-48CF-B2AF-F5EFB8B82D11}.ReleaseLib|x86.ActiveCfg = ReleaseLib|x64
		{D23D1F3F-76EB-409C-8DED-CCCC51881A7C}.DebugDLL|Any CPU.ActiveCfg = DebugDLL|Any CPU
		{D23D1F3F-76EB-409C-8DED-CCCC51881A7C}.DebugDLL|Any CPU.Build.0 = DebugDLL|Any CPU
		{D23D1F3F-76EB-409C-8DED-CCCC51881A7C}.DebugDLL|x64.ActiveCfg = DebugDLL|Any CPU
		{D23D1F3F-76EB-409C-8DED-CCCC51881A7C}.DebugDLL|x86.ActiveCfg = DebugDLL|Any CPU
		{D23D1F3F-76EB-409C-8DED-CCCC51881A7C}.DebugLib|Any CPU.ActiveCfg = DebugLib|Any CPU
		{D23D1F3F-76EB-409C-8DED-CCCC51881A7C}.DebugLib|Any CPU.Build.0 = DebugLib|Any CPU
		{D23D1F3F-76EB-409C-8DED-CCCC51881A7C}.DebugLib|x64.ActiveCfg = DebugLib|Any CPU
		{D23D1F3F-76EB-409C-8DED-CCCC51881A7C}.DebugLib|x86.ActiveCfg = DebugLib|Any CPU
		{D23D1F3F-76EB-409C-8DED-CCCC51881A7C}.ReleaseDLL|Any CPU.ActiveCfg = ReleaseDLL|Any CPU
		{D23D1F3F-76EB-409C-8DED-CCCC51881A7C}.ReleaseDLL|Any CPU.Build.0 = ReleaseDLL|Any CPU
		{D23D1F3F-76EB-409C-8DED-CCCC51881A7C}.ReleaseDLL|x64.ActiveCfg = ReleaseDLL|Any CPU
		{D23D1F3F-76EB-409C-8DED-CCCC51881A7C}.ReleaseDLL|x86.ActiveCfg = ReleaseDLL|Any CPU
		{D23D1F3F-76EB-409C-8DED-CCCC51881A7C}.ReleaseLib|Any CPU.ActiveCfg = ReleaseLib|Any CPU
		{D23D1F3F-76EB-409C-8DED-CCCC51881A7C}.ReleaseLib|Any CPU.Build.0 = ReleaseLib|Any CPU
		{D23D1F3F-76EB-409C-8DED-CCCC51881A7C}.ReleaseLib|x64.ActiveCfg = ReleaseLib|Any CPU
		{D23D1F3F-76EB-409C-8DED-CCCC51881A7C}.ReleaseLib|x86.ActiveCfg = ReleaseLib|Any CPU
		{72F40585-557E-420E-9280-7CA4ABFB5055}.DebugDLL|Any CPU.ActiveCfg = DebugDLL|Win32
		{72F40585-557E-420E-9280-7CA4ABFB5055}.DebugDLL|x64.ActiveCfg = DebugDLL|x64
		{72F40585-557E-420E-9280-7CA4ABFB5055}.DebugDLL|x64.Build.0 = DebugDLL|x64
		{72F40585-557E-420E-9280-7CA4ABFB5055}.DebugDLL|x86.ActiveCfg = DebugDLL|Win32
		{72F40585-557E-420E-9280-7CA4ABFB5055}.DebugDLL|x86.Build.0 = DebugDLL|Win32
		{72F40585-557E-420E-9280-7CA4ABFB5055}.DebugLib|Any CPU.ActiveCfg = DebugLib|Win32
		{72F40585-557E-420E-9280-7CA4ABFB5055}.DebugLib|x64.ActiveCfg = DebugLib|x64
		{72F40585-557E-420E-9280-7CA4ABFB5055}.DebugLib|x64.Build.0 = DebugLib|x64
		{72F40585-557E-420E-9280-7CA4ABFB5055}.DebugLib|x86.ActiveCfg = DebugLib|Win32
		{72F40585-557E-420E-9280-7CA4ABFB5055}.DebugLib|x86.Build.0 = DebugLib|Win32
		{72F40585-557E-420E-9280-7CA4ABFB5055}.ReleaseDLL|Any CPU.ActiveCfg = ReleaseDLL|Win32
		{72F40585-557E-420E-9280-7CA4ABFB5055}.ReleaseDLL|x64.ActiveCfg = ReleaseDLL|x64
		{72F40585-557E-420E-9280-7CA4ABFB5055}.ReleaseDLL|x64.Build.0 = ReleaseDLL|x64
		{72F40585-557E-420E-9280-7CA4ABFB5055}.ReleaseDLL|x86.ActiveCfg = ReleaseDLL|Win32
		{72F40585-557E-420E-9280-7CA4ABFB5055}.ReleaseDLL|x86.Build.0 = ReleaseDLL|Win32
		{72F40585-557E-420E-9280-7CA4ABFB5055}.ReleaseLib|Any CPU.ActiveCfg = ReleaseLib|Win32
		{72F40585-557E-420E-9280-7CA4ABFB5055}.ReleaseLib|x64.ActiveCfg = ReleaseLib|x64
		{72F40585-557E-420E-9280-7CA4ABFB5055}.ReleaseLib|x64.Build.0 = ReleaseLib|x64
		{72F40585-557E-420E-9280-7CA4ABFB5055}.ReleaseLib|x86.ActiveCfg = ReleaseLib|Win32
		{72F40585-557E-420E-9280-7CA4ABFB5055}.ReleaseLib|x86.Build.0 = ReleaseLib|Win32
		{CF4291D7-AAA7-4DB8-9379-F7B1C122556D}.DebugDLL|Any CPU.ActiveCfg = DebugDLL|Win32
		{CF4291D7-AAA7-4DB8-9379-F7B1C122556D}.DebugDLL|x64.ActiveCfg = DebugDLL|x64
		{CF4291D7-AAA7-4DB8-9379-F7B1C122556D}.DebugDLL|x64.Build.0 = DebugDLL|x64
		{CF4291D7-AAA7-4DB8-9379-F7B1C122556D}.DebugDLL|x86.ActiveCfg = DebugDLL|Win32
		{CF4291D7-AAA7-4DB8-9379-F7B1C122556D}.DebugDLL|x86.Build.0 = DebugDLL|Win32
		{CF4291D7-AAA7-4DB8-9379-F7B1C122556D}.DebugLib|Any CPU.ActiveCfg = DebugLib|Win32
		{CF4291D7-AAA7-4DB8-9379-F7B1C122556D}.DebugLib|x64.ActiveCfg = DebugLib|x64
		{CF4291D7-AAA7-4DB8-9379-F7B1C122556D}.DebugLib|x64.Build.0 = DebugLib|x64
		{CF4291D7-AAA7-4DB8-9379-F7B1C122556D}.DebugLib|x86.ActiveCfg = DebugLib|Win32
		{CF4291D7-AAA7-4DB8-9379-F7B1C122556D}.DebugLib|x86.Build.0 = DebugLib|Win32
		{CF4291D7-AAA7-4DB8-9379-F7B1C122556D}.ReleaseDLL|Any CPU.ActiveCfg = ReleaseDLL|Win32
		{CF4291D7-AAA7-4DB8-9379-F7B1C122556D}.ReleaseDLL|x64.ActiveCfg = ReleaseDLL|x64
		{CF4291D7-AAA7-4DB8-9379-F7B1C122556D}.ReleaseDLL|x64.Build.0 = ReleaseDLL|x64
		{CF4291D7-AAA7-4DB8-9379-F7B1C122556D}.ReleaseDLL|x86.ActiveCfg = ReleaseDLL|Win32
		{CF4291D7-AAA7-4DB8-9379-F7B1C122556D}.ReleaseDLL|x86.Build.0 = ReleaseDLL|Win32
		{CF4291D7-AAA7-4DB8-9379-F7B1C122556D}.ReleaseLib|Any CPU.ActiveCfg = ReleaseLib|Win32
		{CF4291D7-AAA7-4DB8-9379-F7B1C122556D}.ReleaseLib|x64.ActiveCfg = ReleaseLib|x64
		{CF4291D7-AAA7-4DB8-9379-F7B1C122556D}.ReleaseLib|x64.Build.0 = ReleaseLib|x64
		{CF4291D7-AAA7-4DB8-9379-F7B1C122556D}.ReleaseLib|x86.ActiveCfg = ReleaseLib|Win32
		{CF4291D7-AAA7-4DB8-9379-F7B1C122556D}.ReleaseLib|x86.Build.0 = ReleaseLib|Win32
		{C3CAD7FA-AF32-497F-A663-072EDB67868B}.DebugDLL|Any CPU.ActiveCfg = DebugDLL|Win32
		{C3CAD7FA-AF32-497F-A663-072EDB67868B}.DebugDLL|x64.ActiveCfg = DebugDLL|x64
		{C3CAD7FA-AF32-497F-A663-072EDB67868B}.DebugDLL|x64.Build.0 = DebugDLL|x64
		{C3CAD7FA-AF32-497F-A663-072EDB67868B}.DebugDLL|x86.ActiveCfg = DebugDLL|Win32
		{C3CAD7FA-AF32-497F-A663-072EDB67868B}.DebugDLL|x86.Build.0 = DebugDLL|Win32
		{C3CAD7FA-AF32-497F-A663-072EDB67868B}.DebugLib|Any CPU.ActiveCfg = DebugLib|Win32
		{C3CAD7FA-AF32-497F-A663-072EDB67868B}.DebugLib|x64.ActiveCfg = DebugLib|x64
		{C3CAD7FA-AF32-497F-A663-072EDB67868B}.DebugLib|x64.Build.0 = DebugLib|x64
		{C3CAD7FA-AF32-497F-A663-072EDB67868B}.DebugLib|x86.ActiveCfg = DebugLib|Win32
		{C3CAD7FA-AF32-497F-A663-072EDB67868B}.DebugLib|x86.Build.0 = DebugLib|Win32
		{C3CAD7FA-AF32-497F-A663-072EDB67868B}.ReleaseDLL|Any CPU.ActiveCfg = ReleaseDLL|Win32
		{C3CAD7FA-AF32-497F-A663-072EDB67868B}.ReleaseDLL|x64.ActiveCfg = ReleaseDLL|x64
		{C3CAD7FA-AF32-497F-A663-072EDB67868B}.ReleaseDLL|x64.Build.0 = ReleaseDLL|x64
		{C3CAD7FA-AF32-497F-A663-072EDB67868B}.ReleaseDLL|x86.ActiveCfg = ReleaseDLL|Win32
		{C3CAD7FA-AF32-497F-A663-072EDB67868B}.ReleaseDLL|x86.Build.0 = ReleaseDLL|Win32
		{C3CAD7FA-AF32-497F-A663-072EDB67868B}.ReleaseLib|Any CPU.ActiveCfg = ReleaseLib|Win32
		{C3CAD7FA-AF32-497F-A663-072EDB67868B}.ReleaseLib|x64.ActiveCfg = ReleaseLib|x64
		{C3CAD7FA-AF32-497F-A663-072EDB67868B}.ReleaseLib|x64.Build.0 = ReleaseLib|x64
		{C3CAD7FA-AF32-497F-A663-072EDB67868B}.ReleaseLib|x86.ActiveCfg = ReleaseLib|Win32
		{C3CAD7FA-AF32-497F-A663-072EDB67868B}.ReleaseLib|x86.Build.0 = ReleaseLib|Win32
		{496B1D15-D950-4485-B562-4DFB9698D703}.DebugDLL|Any CPU.ActiveCfg = DebugDLL|Win32
		{496B1D15-D950-4485-B562-4DFB9698D703}.DebugDLL|x64.ActiveCfg = DebugDLL|x64
		{496B1D15-D950-4485-B562-4DFB9698D703}.DebugDLL|x64.Build.0 = DebugDLL|x64
		{496B1D15-D950-4485-B562-4DFB9698D703}.DebugDLL|x86.ActiveCfg = DebugDLL|Win32
		{496B1D15-D950-4485-B562-4DFB9698D703}.DebugDLL|x86.Build.0 = DebugDLL|Win32
		{496B1D15-D950-4485-B562-4DFB9698D703}.DebugLib|Any CPU.ActiveCfg = DebugLib|Win32
		{496B1D15-D950-4485-B562-4DFB9698D703}.DebugLib|x64.ActiveCfg = DebugLib|x64
		{496B1D15-D950-4485-B562-4DFB9698D703}.DebugLib|x64.Build.0 = DebugLib|x64
		{496B1D15-D950-4485-B562-4DFB9698D703}.DebugLib|x86.ActiveCfg = DebugLib|Win32
		{496B1D15-D950-4485-B562-4DFB9698D703}.DebugLib|x86.Build.0 = DebugLib|Win32
		{496B1D15-D950-4485-B562-4DFB9698D703}.ReleaseDLL|Any CPU.ActiveCfg = ReleaseDLL|Win32
		{496B1D15-D950-4485-B562-4DFB9698D703}.ReleaseDLL|x64.ActiveCfg = ReleaseDLL|x64
		{496B1D15-D950-4485-B562-4DFB9698D703}.ReleaseDLL|x64.Build.0 = ReleaseDLL|x64
		{496B1D15-D950-4485-B562-4DFB9698D703}.ReleaseDLL|x86.ActiveCfg = ReleaseDLL|Win32
		{496B1D15-D950-4485-B562-4DFB9698D703}.ReleaseDLL|x86.Build.0 = ReleaseDLL|Win32
		{496B1D15-D950-4485-B562-4DFB9698D703}.ReleaseLib|Any CPU.ActiveCfg = ReleaseLib|Win32
		{496B1D15-D950-4485-B562-4DFB9698D703}.ReleaseLib|x64.ActiveCfg = ReleaseLib|x64
		{496B1D15-D950-4485-B562-4DFB9698D703}.ReleaseLib|x64.Build.0 = ReleaseLib|x64
		{496B1D15-D950-4485-B562-4DFB9698D703}.ReleaseLib|x86.ActiveCfg = ReleaseLib|Win32
		{496B1D15-D950-4485-B562-4DFB9698D703}.ReleaseLib|x86.Build.0 = ReleaseLib|Win32
		{046DF223-A61D-4229-A823-A01DA5688B2E}.DebugDLL|Any CPU.ActiveCfg = DebugDLL|Win32
		{046DF223-A61D-4229-A823-A01DA5688B2E}.DebugDLL|x64.ActiveCfg = DebugDLL|x64
		{046DF223-A61D-4229-A823-A01DA5688B2E}.DebugDLL|x64.Build.0 = DebugDLL|x64
		{046DF223-A61D-4229-A823-A01DA5688B2E}.DebugDLL|x86.ActiveCfg = DebugDLL|Win32
		{046DF223-A61D-4229-A823-A01DA5688B2E}.DebugDLL|x86.Build.0 = DebugDLL|Win32
		{046DF223-A61D-4229-A823-A01DA5688B2E}.DebugLib|Any CPU.ActiveCfg = DebugLib|Win32
		{046DF223-A61D-4229-A823-A01DA5688B2E}.DebugLib|x64.ActiveCfg = DebugLib|x64
		{046DF223-A61D-4229-A823-A01DA5688B2E}.DebugLib|x64.Build.0 = DebugLib|x64
		{046DF223-A61D-4229-A823-A01DA5688B2E}.DebugLib|x86.ActiveCfg = DebugLib|Win32
		{046DF223-A61D-4229-A823-A01DA5688B2E}.DebugLib|x86.Build.0 = DebugLib|Win32
		{046DF223-A61D-4229-A823-A01DA5688B2E}.ReleaseDLL|Any CPU.ActiveCfg = ReleaseDLL|Win32
		{046DF223-A61D-4229-A823-A01DA5688B2E}.ReleaseDLL|x64.ActiveCfg = ReleaseDLL|x64
		{046DF223-A61D-4229-A823-A01DA5688B2E}.ReleaseDLL|x64.Build.0 = ReleaseDLL|x64
		{046DF223-A61D-4229-A823-A01DA5688B2E}.ReleaseDLL|x86.ActiveCfg = ReleaseDLL|Win32
		{046DF223-A61D-4229-A823-A01DA5688B2E}.ReleaseDLL|x86.Build.0 = ReleaseDLL|Win32
		{046DF223-A61D-4229-A823-A01DA5688B2E}.ReleaseLib|Any CPU.ActiveCfg = ReleaseLib|Win32
		{046DF223-A61D-4229-A823-A01DA5688B2E}.ReleaseLib|x64.ActiveCfg = ReleaseLib|x64
		{046DF223-A61D-4229-A823-A01DA5688B2E}.ReleaseLib|x64.Build.0 = ReleaseLib|x64
		{046DF223-A61D-4229-A823-A01DA5688B2E}.ReleaseLib|x86.ActiveCfg = ReleaseLib|Win32
		{046DF223-A61D-4229-A823-A01DA5688B2E}.ReleaseLib|x86.Build.0 = ReleaseLib|Win32
		{522212F3-4A54-46B7-AE41-258DA92F42AC}.DebugDLL|Any CPU.ActiveCfg = DebugDLL|Win32
		{522212F3-4A54-46B7-AE41-258DA92F42AC}.DebugDLL|x64.ActiveCfg = DebugDLL|x64
		{522212F3-4A54-46B7-AE41-258DA92F42AC}.DebugDLL|x64.Build.0 = DebugDLL|x64
		{522212F3-4A54-46B7-AE41-258DA92F42AC}.DebugDLL|x86.ActiveCfg = DebugDLL|Win32
		{522212F3-4A54-46B7-AE41-258DA92F42AC}.DebugDLL|x86.Build.0 = DebugDLL|Win32
		{522212F3-4A54-46B7-AE41-258DA92F42AC}.DebugLib|Any CPU.ActiveCfg = DebugLib|Win32
		{522212F3-4A54-46B7-AE41-258DA92F42AC}.DebugLib|x64.ActiveCfg = DebugLib|x64
		{522212F3-4A54-46B7-AE41-258DA92F42AC}.DebugLib|x64.Build.0 = DebugLib|x64
		{522212F3-4A54-46B7-AE41-258DA92F42AC}.DebugLib|x86.ActiveCfg = DebugLib|Win32
		{522212F3-4A54-46B7-AE41-258DA92F42AC}.DebugLib|x86.Build.0 = DebugLib|Win32
		{522212F3-4A54-46B7-AE41-258DA92F42AC}.ReleaseDLL|Any CPU.ActiveCfg = ReleaseDLL|Win32
		{522212F3-4A54-46B7-AE41-258DA92F42AC}.ReleaseDLL|x64.ActiveCfg = ReleaseDLL|x64
		{522212F3-4A54-46B7-AE41-258DA92F42AC}.ReleaseDLL|x64.Build.0 = ReleaseDLL|x64
		{522212F3-4A54-46B7-AE41-258DA92F42AC}.ReleaseDLL|x86.ActiveCfg = ReleaseDLL|Win32
		{522212F3-4A54-46B7-AE41-258DA92F42AC}.ReleaseDLL|x86.Build.0 = ReleaseDLL|Win32
		{522212F3-4A54-46B7-AE41-258DA92F42AC}.ReleaseLib|Any CPU.ActiveCfg = ReleaseLib|Win32
		{522212F3-4A54-46B7-AE41-258DA92F42AC}.ReleaseLib|x64.ActiveCfg = ReleaseLib|x64
		{522212F3-4A54-46B7-AE41-258DA92F42AC}.ReleaseLib|x64.Build.0 = ReleaseLib|x64
		{522212F3-4A54-46B7-AE41-258DA92F42AC}.ReleaseLib|x86.ActiveCfg = ReleaseLib|Win32
		{522212F3-4A54-46B7-AE41-258DA92F42AC}.ReleaseLib|x86.Build.0 = ReleaseLib|Win32
		{CBD32F00-FB91-48C4-AC0A-D82C3D839B1D}.DebugDLL|Any CPU.ActiveCfg = DebugDLL|Win32
		{CBD32F00-FB91-48C4-AC0A-D82C3D839B1D}.DebugDLL|x64.ActiveCfg = DebugDLL|x64
		{CBD32F00-FB91-48C4-AC0A-D82C3D839B1D}.DebugDLL|x64.Build.0 = DebugDLL|x64
		{CBD32F00-FB91-48C4-AC0A-D82C3D839B1D}.DebugDLL|x86.ActiveCfg = DebugDLL|Win32
		{CBD32F00-FB91-48C4-AC0A-D82C3D839B1D}.DebugDLL|x86.Build.0 = DebugDLL|Win32
		{CBD32F00-FB91-48C4-AC0A-D82C3D839B1D}.DebugLib|Any CPU.ActiveCfg = DebugLib|Win32
		{CBD32F00-FB91-48C4-AC0A-D82C3D839B1D}.DebugLib|x64.ActiveCfg = DebugLib|x64
		{CBD32F00-FB91-48C4-AC0A-D82C3D839B1D}.DebugLib|x64.Build.0 = DebugLib|x64
		{CBD32F00-FB91-48C4-AC0A-D82C3D839B1D}.DebugLib|x86.ActiveCfg = DebugLib|Win32
		{CBD32F00-FB91-48C4-AC0A-D82C3D839B1D}.DebugLib|x86.Build.0 = DebugLib|Win32
		{CBD32F00-FB91-48C4-AC0A-D82C3D839B1D}.ReleaseDLL|Any CPU.ActiveCfg = DebugDLL|x64
		{CBD32F00-FB91-48C4-AC0A-D82C3D839B1D}.ReleaseDLL|Any CPU.Build.0 = DebugDLL|x64
		{CBD32F00-FB91-48C4-AC0A-D82C3D839B1D}.ReleaseDLL|x64.ActiveCfg = ReleaseDLL|x64
		{CBD32F00-FB91-48C4-AC0A-D82C3D839B1D}.ReleaseDLL|x64.Build.0 = ReleaseDLL|x64
		{CBD32F00-FB91-48C4-AC0A-D82C3D839B1D}.ReleaseDLL|x86.ActiveCfg = ReleaseDLL|Win32
		{CBD32F00-FB91-48C4-AC0A-D82C3D839B1D}.ReleaseDLL|x86.Build.0 = ReleaseDLL|Win32
		{CBD32F00-FB91-48C4-AC0A-D82C3D839B1D}.ReleaseLib|Any CPU.ActiveCfg = ReleaseLib|Win32
		{CBD32F00-FB91-48C4-AC0A-D82C3D839B1D}.ReleaseLib|x64.ActiveCfg = ReleaseLib|x64
		{CBD32F00-FB91-48C4-AC0A-D82C3D839B1D}.ReleaseLib|x64.Build.0 = ReleaseLib|x64
		{CBD32F00-FB91-48C4-AC0A-D82C3D839B1D}.ReleaseLib|x86.ActiveCfg = ReleaseLib|Win32
		{CBD32F00-FB91-48C4-AC0A-D82C3D839B1D}.ReleaseLib|x86.Build.0 = ReleaseLib|Win32
		{DD33D3D6-909C-414B-8E09-C12C99E13B54}.DebugDLL|Any CPU.ActiveCfg = DebugDLL|Win32
		{DD33D3D6-909C-414B-8E09-C12C99E13B54}.DebugDLL|x64.ActiveCfg = DebugDLL|x64
		{DD33D3D6-909C-414B-8E09-C12C99E13B54}.DebugDLL|x64.Build.0 = DebugDLL|x64
		{DD33D3D6-909C-414B-8E09-C12C99E13B54}.DebugDLL|x86.ActiveCfg = DebugDLL|Win32
		{DD33D3D6-909C-414B-8E09-C12C99E13B54}.DebugDLL|x86.Build.0 = DebugDLL|Win32
		{DD33D3D6-909C-414B-8E09-C12C99E13B54}.DebugLib|Any CPU.ActiveCfg = DebugLib|Win32
		{DD33D3D6-909C-414B-8E09-C12C99E13B54}.DebugLib|x64.ActiveCfg = DebugLib|x64
		{DD33D3D6-909C-414B-8E09-C12C99E13B54}.DebugLib|x64.Build.0 = DebugLib|x64
		{DD33D3D6-909C-414B-8E09-C12C99E13B54}.DebugLib|x86.ActiveCfg = DebugLib|Win32
		{DD33D3D6-909C-414B-8E09-C12C99E13B54}.DebugLib|x86.Build.0 = DebugLib|Win32
		{DD33D3D6-909C-414B-8E09-C12C99E13B54}.ReleaseDLL|Any CPU.ActiveCfg = ReleaseDLL|Win32
		{DD33D3D6-909C-414B-8E09-C12C99E13B54}.ReleaseDLL|x64.ActiveCfg = ReleaseDLL|x64
		{DD33D3D6-909C-414B-8E09-C12C99E13B54}.ReleaseDLL|x64.Build.0 = ReleaseDLL|x64
		{DD33D3D6-909C-414B-8E09-C12C99E13B54}.ReleaseDLL|x86.ActiveCfg = ReleaseDLL|Win32
		{DD33D3D6-909C-414B-8E09-C12C99E13B54}.ReleaseDLL|x86.Build.0 = ReleaseDLL|Win32
		{DD33D3D6-909C-414B-8E09-C12C99E13B54}.ReleaseLib|Any CPU.ActiveCfg = ReleaseLib|Win32
		{DD33D3D6-909C-414B-8E09-C12C99E13B54}.ReleaseLib|x64.ActiveCfg = ReleaseLib|x64
		{DD33D3D6-909C-414B-8E09-C12C99E13B54}.ReleaseLib|x64.Build.0 = ReleaseLib|x64
		{DD33D3D6-909C-414B-8E09-C12C99E13B54}.ReleaseLib|x86.ActiveCfg = ReleaseLib|Win32
		{DD33D3D6-909C-414B-8E09-C12C99E13B54}.ReleaseLib|x86.Build.0 = ReleaseLib|Win32
		{C7AC6FEE-68ED-431F-95E3-9BC98B456582}.DebugDLL|Any CPU.ActiveCfg = DebugDLL|Win32
		{C7AC6FEE-68ED-431F-95E3-9BC98B456582}.DebugDLL|x64.ActiveCfg = DebugDLL|x64
		{C7AC6FEE-68ED-431F-95E3-9BC98B456582}.DebugDLL|x64.Build.0 = DebugDLL|x64
		{C7AC6FEE-68ED-431F-95E3-9BC98B456582}.DebugDLL|x86.ActiveCfg = DebugDLL|Win32
		{C7AC6FEE-68ED-431F-95E3-9BC98B456582}.DebugDLL|x86.Build.0 = DebugDLL|Win32
		{C7AC6FEE-68ED-431F-95E3-9BC98B456582}.DebugLib|Any CPU.ActiveCfg = DebugLib|Win32
		{C7AC6FEE-68ED-431F-95E3-9BC98B456582}.DebugLib|x64.ActiveCfg = DebugLib|x64
		{C7AC6FEE-68ED-431F-95E3-9BC98B456582}.DebugLib|x64.Build.0 = DebugLib|x64
		{C7AC6FEE-68ED-431F-95E3-9BC98B456582}.DebugLib|x86.ActiveCfg = DebugLib|Win32
		{C7AC6FEE-68ED-431F-95E3-9BC98B456582}.DebugLib|x86.Build.0 = DebugLib|Win32
		{C7AC6FEE-68ED-431F-95E3-9BC98B456582}.ReleaseDLL|Any CPU.ActiveCfg = ReleaseDLL|Win32
		{C7AC6FEE-68ED-431F-95E3-9BC98B456582}.ReleaseDLL|x64.ActiveCfg = ReleaseDLL|x64
		{C7AC6FEE-68ED-431F-95E3-9BC98B456582}.ReleaseDLL|x64.Build.0 = ReleaseDLL|x64
		{C7AC6FEE-68ED-431F-95E3-9BC98B456582}.ReleaseDLL|x86.ActiveCfg = ReleaseDLL|Win32
		{C7AC6FEE-68ED-431F-95E3-9BC98B456582}.ReleaseDLL|x86.Build.0 = ReleaseDLL|Win32
		{C7AC6FEE-68ED-431F-95E3-9BC98B456582}.ReleaseLib|Any CPU.ActiveCfg = ReleaseLib|Win32
		{C7AC6FEE-68ED-431F-95E3-9BC98B456582}.ReleaseLib|x64.ActiveCfg = ReleaseLib|x64
		{C7AC6FEE-68ED-431F-95E3-9BC98B456582}.ReleaseLib|x64.Build.0 = ReleaseLib|x64
		{C7AC6FEE-68ED-431F-95E3-9BC98B456582}.ReleaseLib|x86.ActiveCfg = ReleaseLib|Win32
		{C7AC6FEE-68ED-431F-95E3-9BC98B456582}.ReleaseLib|x86.Build.0 = ReleaseLib|Win32
		{81CE8DAF-EBB2-4761-8E45-B71ABCCA8C68}.DebugDLL|Any CPU.ActiveCfg = DebugDLL|Win32
		{81CE8DAF-EBB2-4761-8E45-B71ABCCA8C68}.DebugDLL|x64.ActiveCfg = DebugDLL|x64
		{81CE8DAF-EBB2-4761-8E45-B71ABCCA8C68}.DebugDLL|x64.Build.0 = DebugDLL|x64
		{81CE8DAF-EBB2-4761-8E45-B71ABCCA8C68}.DebugDLL|x86.ActiveCfg = DebugDLL|Win32
		{81CE8DAF-EBB2-4761-8E45-B71ABCCA8C68}.DebugDLL|x86.Build.0 = DebugDLL|Win32
		{81CE8DAF-EBB2-4761-8E45-B71ABCCA8C68}.DebugLib|Any CPU.ActiveCfg = ReleaseDLL|x64
		{81CE8DAF-EBB2-4761-8E45-B71ABCCA8C68}.DebugLib|Any CPU.Build.0 = ReleaseDLL|x64
		{81CE8DAF-EBB2-4761-8E45-B71ABCCA8C68}.DebugLib|x64.ActiveCfg = DebugLib|x64
		{81CE8DAF-EBB2-4761-8E45-B71ABCCA8C68}.DebugLib|x64.Build.0 = DebugLib|x64
		{81CE8DAF-EBB2-4761-8E45-B71ABCCA8C68}.DebugLib|x86.ActiveCfg = DebugLib|Win32
		{81CE8DAF-EBB2-4761-8E45-B71ABCCA8C68}.DebugLib|x86.Build.0 = DebugLib|Win32
		{81CE8DAF-EBB2-4761-8E45-B71ABCCA8C68}.ReleaseDLL|Any CPU.ActiveCfg = ReleaseDLL|Win32
		{81CE8DAF-EBB2-4761-8E45-B71ABCCA8C68}.ReleaseDLL|x64.ActiveCfg = ReleaseDLL|x64
		{81CE8DAF-EBB2-4761-8E45-B71ABCCA8C68}.ReleaseDLL|x64.Build.0 = ReleaseDLL|x64
		{81CE8DAF-EBB2-4761-8E45-B71ABCCA8C68}.ReleaseDLL|x86.ActiveCfg = ReleaseDLL|Win32
		{81CE8DAF-EBB2-4761-8E45-B71ABCCA8C68}.ReleaseDLL|x86.Build.0 = ReleaseDLL|Win32
		{81CE8DAF-EBB2-4761-8E45-B71ABCCA8C68}.ReleaseLib|Any CPU.ActiveCfg = ReleaseDLL|x64
		{81CE8DAF-EBB2-4761-8E45-B71ABCCA8C68}.ReleaseLib|Any CPU.Build.0 = ReleaseDLL|x64
		{81CE8DAF-EBB2-4761-8E45-B71ABCCA8C68}.ReleaseLib|x64.ActiveCfg = ReleaseLib|x64
		{81CE8DAF-EBB2-4761-8E45-B71ABCCA8C68}.ReleaseLib|x64.Build.0 = ReleaseLib|x64
		{81CE8DAF-EBB2-4761-8E45-B71ABCCA8C68}.ReleaseLib|x86.ActiveCfg = ReleaseLib|Win32
		{81CE8DAF-EBB2-4761-8E45-B71ABCCA8C68}.ReleaseLib|x86.Build.0 = ReleaseLib|Win32
		{9568FDDD-9F20-48C9-9FEB-BDAE1E714332}.DebugDLL|Any CPU.ActiveCfg = DebugDLL|Win32
		{9568FDDD-9F20-48C9-9FEB-BDAE1E714332}.DebugDLL|x64.ActiveCfg = DebugDLL|x64
		{9568FDDD-9F20-48C9-9FEB-BDAE1E714332}.DebugDLL|x64.Build.0 = DebugDLL|x64
		{9568FDDD-9F20-48C9-9FEB-BDAE1E714332}.DebugDLL|x86.ActiveCfg = DebugDLL|Win32
		{9568FDDD-9F20-48C9-9FEB-BDAE1E714332}.DebugDLL|x86.Build.0 = DebugDLL|Win32
		{9568FDDD-9F20-48C9-9FEB-BDAE1E714332}.DebugLib|Any CPU.ActiveCfg = DebugLib|Win32
		{9568FDDD-9F20-48C9-9FEB-BDAE1E714332}.DebugLib|x64.ActiveCfg = DebugLib|x64
		{9568FDDD-9F20-48C9-9FEB-BDAE1E714332}.DebugLib|x64.Build.0 = DebugLib|x64
		{9568FDDD-9F20-48C9-9FEB-BDAE1E714332}.DebugLib|x86.ActiveCfg = DebugLib|Win32
		{9568FDDD-9F20-48C9-9FEB-BDAE1E714332}.DebugLib|x86.Build.0 = DebugLib|Win32
		{9568FDDD-9F20-48C9-9FEB-BDAE1E714332}.ReleaseDLL|Any CPU.ActiveCfg = ReleaseDLL|Win32
		{9568FDDD-9F20-48C9-9FEB-BDAE1E714332}.ReleaseDLL|x64.ActiveCfg = ReleaseDLL|x64
		{9568FDDD-9F20-48C9-9FEB-BDAE1E714332}.ReleaseDLL|x64.Build.0 = ReleaseDLL|x64
		{9568FDDD-9F20-48C9-9FEB-BDAE1E714332}.ReleaseDLL|x86.ActiveCfg = ReleaseDLL|Win32
		{9568FDDD-9F20-48C9-9FEB-BDAE1E714332}.ReleaseDLL|x86.Build.0 = ReleaseDLL|Win32
		{9568FDDD-9F20-48C9-9FEB-BDAE1E714332}.ReleaseLib|Any CPU.ActiveCfg = ReleaseLib|Win32
		{9568FDDD-9F20-48C9-9FEB-BDAE1E714332}.ReleaseLib|x64.ActiveCfg = ReleaseLib|x64
		{9568FDDD-9F20-48C9-9FEB-BDAE1E714332}.ReleaseLib|x64.Build.0 = ReleaseLib|x64
		{9568FDDD-9F20-48C9-9FEB-BDAE1E714332}.ReleaseLib|x86.ActiveCfg = ReleaseLib|Win32
		{9568FDDD-9F20-48C9-9FEB-BDAE1E714332}.ReleaseLib|x86.Build.0 = ReleaseLib|Win32
		{55AE3D72-7DE6-F19F-AEF2-9AE8CA26CF3D}.DebugDLL|Any CPU.ActiveCfg = DebugDLL|Win32
		{55AE3D72-7DE6-F19F-AEF2-9AE8CA26CF3D}.DebugDLL|x64.ActiveCfg = DebugDLL|x64
		{55AE3D72-7DE6-F19F-AEF2-9AE8CA26CF3D}.DebugDLL|x64.Build.0 = DebugDLL|x64
		{55AE3D72-7DE6-F19F-AEF2-9AE8CA26CF3D}.DebugDLL|x86.ActiveCfg = DebugDLL|Win32
		{55AE3D72-7DE6-F19F-AEF2-9AE8CA26CF3D}.DebugDLL|x86.Build.0 = DebugDLL|Win32
		{55AE3D72-7DE6-F19F-AEF2-9AE8CA26CF3D}.DebugLib|Any CPU.ActiveCfg = ReleaseDLL|x64
		{55AE3D72-7DE6-F19F-AEF2-9AE8CA26CF3D}.DebugLib|Any CPU.Build.0 = ReleaseDLL|x64
		{55AE3D72-7DE6-F19F-AEF2-9AE8CA26CF3D}.DebugLib|x64.ActiveCfg = DebugDLL|x64
		{55AE3D72-7DE6-F19F-AEF2-9AE8CA26CF3D}.DebugLib|x86.ActiveCfg = DebugDLL|Win32
		{55AE3D72-7DE6-F19F-AEF2-9AE8CA26CF3D}.ReleaseDLL|Any CPU.ActiveCfg = ReleaseDLL|Win32
		{55AE3D72-7DE6-F19F-AEF2-9AE8CA26CF3D}.ReleaseDLL|x64.ActiveCfg = ReleaseDLL|x64
		{55AE3D72-7DE6-F19F-AEF2-9AE8CA26CF3D}.ReleaseDLL|x64.Build.0 = ReleaseDLL|x64
		{55AE3D72-7DE6-F19F-AEF2-9AE8CA26CF3D}.ReleaseDLL|x86.ActiveCfg = ReleaseDLL|Win32
		{55AE3D72-7DE6-F19F-AEF2-9AE8CA26CF3D}.ReleaseDLL|x86.Build.0 = ReleaseDLL|Win32
		{55AE3D72-7DE6-F19F-AEF2-9AE8CA26CF3D}.ReleaseLib|Any CPU.ActiveCfg = ReleaseDLL|x64
		{55AE3D72-7DE6-F19F-AEF2-9AE8CA26CF3D}.ReleaseLib|Any CPU.Build.0 = ReleaseDLL|x64
		{55AE3D72-7DE6-F19F-AEF2-9AE8CA26CF3D}.ReleaseLib|x64.ActiveCfg = ReleaseDLL|x64
		{55AE3D72-7DE6-F19F-AEF2-9AE8CA26CF3D}.ReleaseLib|x86.ActiveCfg = ReleaseDLL|Win32
		{664E6F0D-6784-4760-9565-D54F8EB1EDF4}.DebugDLL|Any CPU.ActiveCfg = ReleaseLib|x64
		{664E6F0D-6784-4760-9565-D54F8EB1EDF4}.DebugDLL|Any CPU.Build.0 = ReleaseLib|x64
		{664E6F0D-6784-4760-9565-D54F8EB1EDF4}.DebugDLL|x64.ActiveCfg = DebugLib|x64
		{664E6F0D-6784-4760-9565-D54F8EB1EDF4}.DebugDLL|x86.ActiveCfg = ReleaseLib|Win32
		{664E6F0D-6784-4760-9565-D54F8EB1EDF4}.DebugLib|Any CPU.ActiveCfg = DebugLib|Win32
		{664E6F0D-6784-4760-9565-D54F8EB1EDF4}.DebugLib|x64.ActiveCfg = DebugLib|x64
		{664E6F0D-6784-4760-9565-D54F8EB1EDF4}.DebugLib|x64.Build.0 = DebugLib|x64
		{664E6F0D-6784-4760-9565-D54F8EB1EDF4}.DebugLib|x86.ActiveCfg = DebugLib|Win32
		{664E6F0D-6784-4760-9565-D54F8EB1EDF4}.DebugLib|x86.Build.0 = DebugLib|Win32
		{664E6F0D-6784-4760-9565-D54F8EB1EDF4}.ReleaseDLL|Any CPU.ActiveCfg = ReleaseLib|x64
		{664E6F0D-6784-4760-9565-D54F8EB1EDF4}.ReleaseDLL|Any CPU.Build.0 = ReleaseLib|x64
		{664E6F0D-6784-4760-9565-D54F8EB1EDF4}.ReleaseDLL|x64.ActiveCfg = ReleaseLib|x64
		{664E6F0D-6784-4760-9565-D54F8EB1EDF4}.ReleaseDLL|x86.ActiveCfg = ReleaseLib|Win32
		{664E6F0D-6784-4760-9565-D54F8EB1EDF4}.ReleaseLib|Any CPU.ActiveCfg = ReleaseLib|Win32
		{664E6F0D-6784-4760-9565-D54F8EB1EDF4}.ReleaseLib|x64.ActiveCfg = ReleaseLib|x64
		{664E6F0D-6784-4760-9565-D54F8EB1EDF4}.ReleaseLib|x64.Build.0 = ReleaseLib|x64
		{664E6F0D-6784-4760-9565-D54F8EB1EDF4}.ReleaseLib|x86.ActiveCfg = ReleaseLib|Win32
		{664E6F0D-6784-4760-9565-D54F8EB1EDF4}.ReleaseLib|x86.Build.0 = ReleaseLib|Win32
		{2EF1BB7E-355B-4C3C-BF07-C54231C105C0}.DebugDLL|Any CPU.ActiveCfg = DebugLib|x64
		{2EF1BB7E-355B-4C3C-BF07-C54231C105C0}.DebugDLL|Any CPU.Build.0 = DebugLib|x64
		{2EF1BB7E-355B-4C3C-BF07-C54231C105C0}.DebugDLL|x64.ActiveCfg = DebugLib|x64
		{2EF1BB7E-355B-4C3C-BF07-C54231C105C0}.DebugDLL|x64.Build.0 = DebugLib|x64
		{2EF1BB7E-355B-4C3C-BF07-C54231C105C0}.DebugDLL|x86.ActiveCfg = DebugLib|Win32
		{2EF1BB7E-355B-4C3C-BF07-C54231C105C0}.DebugDLL|x86.Build.0 = DebugLib|Win32
		{2EF1BB7E-355B-4C3C-BF07-C54231C105C0}.DebugLib|Any CPU.ActiveCfg = DebugLib|Win32
		{2EF1BB7E-355B-4C3C-BF07-C54231C105C0}.DebugLib|x64.ActiveCfg = DebugLib|x64
		{2EF1BB7E-355B-4C3C-BF07-C54231C105C0}.DebugLib|x64.Build.0 = DebugLib|x64
		{2EF1BB7E-355B-4C3C-BF07-C54231C105C0}.DebugLib|x86.ActiveCfg = DebugLib|Win32
		{2EF1BB7E-355B-4C3C-BF07-C54231C105C0}.DebugLib|x86.Build.0 = DebugLib|Win32
		{2EF1BB7E-355B-4C3C-BF07-C54231C105C0}.ReleaseDLL|Any CPU.ActiveCfg = ReleaseLib|x64
		{2EF1BB7E-355B-4C3C-BF07-C54231C105C0}.ReleaseDLL|Any CPU.Build.0 = ReleaseLib|x64
		{2EF1BB7E-355B-4C3C-BF07-C54231C105C0}.ReleaseDLL|x64.ActiveCfg = ReleaseLib|x64
		{2EF1BB7E-355B-4C3C-BF07-C54231C105C0}.ReleaseDLL|x64.Build.0 = ReleaseLib|x64
		{2EF1BB7E-355B-4C3C-BF07-C54231C105C0}.ReleaseDLL|x86.ActiveCfg = ReleaseLib|Win32
		{2EF1BB7E-355B-4C3C-BF07-C54231C105C0}.ReleaseDLL|x86.Build.0 = ReleaseLib|Win32
		{2EF1BB7E-355B-4C3C-BF07-C54231C105C0}.ReleaseLib|Any CPU.ActiveCfg = ReleaseLib|Win32
		{2EF1BB7E-355B-4C3C-BF07-C54231C105C0}.ReleaseLib|x64.ActiveCfg = ReleaseLib|x64
		{2EF1BB7E-355B-4C3C-BF07-C54231C105C0}.ReleaseLib|x64.Build.0 = ReleaseLib|x64
		{2EF1BB7E-355B-4C3C-BF07-C54231C105C0}.ReleaseLib|x86.ActiveCfg = ReleaseLib|Win32
		{2EF1BB7E-355B-4C3C-BF07-C54231C105C0}.ReleaseLib|x86.Build.0 = ReleaseLib|Win32
	EndGlobalSection
	GlobalSection(SolutionProperties) = preSolution
		HideSolutionNode = FALSE
	EndGlobalSection
	GlobalSection(NestedProjects) = preSolution
		{CE0F2368-C0DB-4372-A4BB-86FEFD09F1E6} = {B5F55833-6362-4079-8E76-8B69AD24B9EA}
		{0F3E4B8F-D9D0-403E-BFED-C06FCA069B58} = {B5F55833-6362-4079-8E76-8B69AD24B9EA}
		{A7F44879-8351-4675-A471-8FA1F224AFD8} = {B5F55833-6362-4079-8E76-8B69AD24B9EA}
		{C8BA1D50-0B76-48CF-B2AF-F5EFB8B82D11} = {B5F55833-6362-4079-8E76-8B69AD24B9EA}
		{D23D1F3F-76EB-409C-8DED-CCCC51881A7C} = {B5F55833-6362-4079-8E76-8B69AD24B9EA}
		{72F40585-557E-420E-9280-7CA4ABFB5055} = {1DC4F22D-C50C-4D19-B459-8755E67EF3FA}
		{CF4291D7-AAA7-4DB8-9379-F7B1C122556D} = {1DC4F22D-C50C-4D19-B459-8755E67EF3FA}
		{C3CAD7FA-AF32-497F-A663-072EDB67868B} = {1DC4F22D-C50C-4D19-B459-8755E67EF3FA}
		{496B1D15-D950-4485-B562-4DFB9698D703} = {1DC4F22D-C50C-4D19-B459-8755E67EF3FA}
		{046DF223-A61D-4229-A823-A01DA5688B2E} = {1DC4F22D-C50C-4D19-B459-8755E67EF3FA}
		{522212F3-4A54-46B7-AE41-258DA92F42AC} = {1DC4F22D-C50C-4D19-B459-8755E67EF3FA}
		{CBD32F00-FB91-48C4-AC0A-D82C3D839B1D} = {1DC4F22D-C50C-4D19-B459-8755E67EF3FA}
		{DD33D3D6-909C-414B-8E09-C12C99E13B54} = {EC14B05F-66A2-41EF-9F1B-E4DC47C8E60E}
		{C7AC6FEE-68ED-431F-95E3-9BC98B456582} = {1DC4F22D-C50C-4D19-B459-8755E67EF3FA}
		{81CE8DAF-EBB2-4761-8E45-B71ABCCA8C68} = {F86B7390-B23F-4400-8BDC-FB67E22A2857}
		{9568FDDD-9F20-48C9-9FEB-BDAE1E714332} = {1DC4F22D-C50C-4D19-B459-8755E67EF3FA}
		{55AE3D72-7DE6-F19F-AEF2-9AE8CA26CF3D} = {F86B7390-B23F-4400-8BDC-FB67E22A2857}
		{664E6F0D-6784-4760-9565-D54F8EB1EDF4} = {F86B7390-B23F-4400-8BDC-FB67E22A2857}
		{2EF1BB7E-355B-4C3C-BF07-C54231C105C0} = {F86B7390-B23F-4400-8BDC-FB67E22A2857}
	EndGlobalSection
	GlobalSection(ExtensibilityGlobals) = postSolution
		SolutionGuid = {F8A47901-D3C3-4110-A63F-61E156458D08}
	EndGlobalSection
EndGlobal
