
Microsoft Visual Studio Solution File, Format Version 12.00
# Visual Studio 15
VisualStudioVersion = 15.0.26430.16
MinimumVisualStudioVersion = 10.0.40219.1
Project("{8BC9CEB8-8B4A-11D0-8D11-00A0C91BC942}") = "GLEngine", "GLEngine\GLEngine.vcxproj", "{CE0F2368-C0DB-4372-A4BB-86FEFD09F1E6}"
EndProject
Project("{8BC9CEB8-8B4A-11D0-8D11-00A0C91BC942}") = "GLResourceBuilder", "GLResourceBuilder\GLResourceBuilder.vcxproj", "{0F3E4B8F-D9D0-403E-BFED-C06FCA069B58}"
	ProjectSection(ProjectDependencies) = postProject
		{CE0F2368-C0DB-4372-A4BB-86FEFD09F1E6} = {CE0F2368-C0DB-4372-A4BB-86FEFD09F1E6}
	EndProjectSection
EndProject
Project("{8BC9CEB8-8B4A-11D0-8D11-00A0C91BC942}") = "GLApp", "GLApp\GLApp.vcxproj", "{A7F44879-8351-4675-A471-8FA1F224AFD8}"
	ProjectSection(ProjectDependencies) = postProject
		{CE0F2368-C0DB-4372-A4BB-86FEFD09F1E6} = {CE0F2368-C0DB-4372-A4BB-86FEFD09F1E6}
	EndProjectSection
EndProject
Project("{8BC9CEB8-8B4A-11D0-8D11-00A0C91BC942}") = "GLBoatGame", "GLBoatGame\GLBoatGame.vcxproj", "{C8BA1D50-0B76-48CF-B2AF-F5EFB8B82D11}"
	ProjectSection(ProjectDependencies) = postProject
		{CE0F2368-C0DB-4372-A4BB-86FEFD09F1E6} = {CE0F2368-C0DB-4372-A4BB-86FEFD09F1E6}
	EndProjectSection
EndProject
Project("{FAE04EC0-301F-11D3-BF4B-00C04F79EFBC}") = "GLEditor", "GLEditor\GLEditor.csproj", "{D23D1F3F-76EB-409C-8DED-CCCC51881A7C}"
EndProject
Project("{2150E333-8FDC-42A3-9474-1A3956D46DE8}") = "Engine", "Engine", "{1DC4F22D-C50C-4D19-B459-8755E67EF3FA}"
EndProject
Project("{2150E333-8FDC-42A3-9474-1A3956D46DE8}") = "Apps", "Apps", "{EC14B05F-66A2-41EF-9F1B-E4DC47C8E60E}"
EndProject
Project("{8BC9CEB8-8B4A-11D0-8D11-00A0C91BC942}") = "Graphics", "Engine\Graphics\Graphics.vcxproj", "{72F40585-557E-420E-9280-7CA4ABFB5055}"
EndProject
Project("{8BC9CEB8-8B4A-11D0-8D11-00A0C91BC942}") = "Network", "Engine\Network\Network.vcxproj", "{CF4291D7-AAA7-4DB8-9379-F7B1C122556D}"
EndProject
Project("{8BC9CEB8-8B4A-11D0-8D11-00A0C91BC942}") = "Input", "Engine\Input\Input.vcxproj", "{C3CAD7FA-AF32-497F-A663-072EDB67868B}"
EndProject
Project("{8BC9CEB8-8B4A-11D0-8D11-00A0C91BC942}") = "Database", "Engine\Database\Database.vcxproj", "{496B1D15-D950-4485-B562-4DFB9698D703}"
EndProject
Project("{8BC9CEB8-8B4A-11D0-8D11-00A0C91BC942}") = "Filesystem", "Engine\Filesystem\Filesystem.vcxproj", "{046DF223-A61D-4229-A823-A01DA5688B2E}"
EndProject
Project("{8BC9CEB8-8B4A-11D0-8D11-00A0C91BC942}") = "Core", "Engine\Core\Core.vcxproj", "{522212F3-4A54-46B7-AE41-258DA92F42AC}"
	ProjectSection(ProjectDependencies) = postProject
		{CBD32F00-FB91-48C4-AC0A-D82C3D839B1D} = {CBD32F00-FB91-48C4-AC0A-D82C3D839B1D}
		{496B1D15-D950-4485-B562-4DFB9698D703} = {496B1D15-D950-4485-B562-4DFB9698D703}
		{046DF223-A61D-4229-A823-A01DA5688B2E} = {046DF223-A61D-4229-A823-A01DA5688B2E}
		{72F40585-557E-420E-9280-7CA4ABFB5055} = {72F40585-557E-420E-9280-7CA4ABFB5055}
		{CF4291D7-AAA7-4DB8-9379-F7B1C122556D} = {CF4291D7-AAA7-4DB8-9379-F7B1C122556D}
		{C7AC6FEE-68ED-431F-95E3-9BC98B456582} = {C7AC6FEE-68ED-431F-95E3-9BC98B456582}
		{C3CAD7FA-AF32-497F-A663-072EDB67868B} = {C3CAD7FA-AF32-497F-A663-072EDB67868B}
	EndProjectSection
EndProject
Project("{8BC9CEB8-8B4A-11D0-8D11-00A0C91BC942}") = "ThirdParty", "Engine\ThirdParty\ThirdParty.vcxproj", "{CBD32F00-FB91-48C4-AC0A-D82C3D839B1D}"
EndProject
Project("{8BC9CEB8-8B4A-11D0-8D11-00A0C91BC942}") = "App", "Apps\App\App.vcxproj", "{DD33D3D6-909C-414B-8E09-C12C99E13B54}"
	ProjectSection(ProjectDependencies) = postProject
		{522212F3-4A54-46B7-AE41-258DA92F42AC} = {522212F3-4A54-46B7-AE41-258DA92F42AC}
	EndProjectSection
EndProject
Project("{8BC9CEB8-8B4A-11D0-8D11-00A0C91BC942}") = "Threading", "Engine\Threading\Threading.vcxproj", "{C7AC6FEE-68ED-431F-95E3-9BC98B456582}"
EndProject
Global
	GlobalSection(SolutionConfigurationPlatforms) = preSolution
		Debug|Any CPU = Debug|Any CPU
		Debug|x64 = Debug|x64
		Debug|x86 = Debug|x86
		Release|Any CPU = Release|Any CPU
		Release|x64 = Release|x64
		Release|x86 = Release|x86
	EndGlobalSection
	GlobalSection(ProjectConfigurationPlatforms) = postSolution
		{CE0F2368-C0DB-4372-A4BB-86FEFD09F1E6}.Debug|Any CPU.ActiveCfg = Debug|x64
		{CE0F2368-C0DB-4372-A4BB-86FEFD09F1E6}.Debug|x64.ActiveCfg = Debug|x64
		{CE0F2368-C0DB-4372-A4BB-86FEFD09F1E6}.Debug|x64.Build.0 = Debug|x64
		{CE0F2368-C0DB-4372-A4BB-86FEFD09F1E6}.Debug|x86.ActiveCfg = Debug|x64
		{CE0F2368-C0DB-4372-A4BB-86FEFD09F1E6}.Release|Any CPU.ActiveCfg = Release|x64
		{CE0F2368-C0DB-4372-A4BB-86FEFD09F1E6}.Release|x64.ActiveCfg = Release|x64
		{CE0F2368-C0DB-4372-A4BB-86FEFD09F1E6}.Release|x64.Build.0 = Release|x64
		{CE0F2368-C0DB-4372-A4BB-86FEFD09F1E6}.Release|x86.ActiveCfg = Release|x64
		{0F3E4B8F-D9D0-403E-BFED-C06FCA069B58}.Debug|Any CPU.ActiveCfg = Debug|x64
		{0F3E4B8F-D9D0-403E-BFED-C06FCA069B58}.Debug|x64.ActiveCfg = Debug|x64
		{0F3E4B8F-D9D0-403E-BFED-C06FCA069B58}.Debug|x64.Build.0 = Debug|x64
		{0F3E4B8F-D9D0-403E-BFED-C06FCA069B58}.Debug|x86.ActiveCfg = Debug|x64
		{0F3E4B8F-D9D0-403E-BFED-C06FCA069B58}.Release|Any CPU.ActiveCfg = Release|x64
		{0F3E4B8F-D9D0-403E-BFED-C06FCA069B58}.Release|x64.ActiveCfg = Release|x64
		{0F3E4B8F-D9D0-403E-BFED-C06FCA069B58}.Release|x64.Build.0 = Release|x64
		{0F3E4B8F-D9D0-403E-BFED-C06FCA069B58}.Release|x86.ActiveCfg = Release|x64
		{A7F44879-8351-4675-A471-8FA1F224AFD8}.Debug|Any CPU.ActiveCfg = Debug|x64
		{A7F44879-8351-4675-A471-8FA1F224AFD8}.Debug|x64.ActiveCfg = Debug|x64
		{A7F44879-8351-4675-A471-8FA1F224AFD8}.Debug|x64.Build.0 = Debug|x64
		{A7F44879-8351-4675-A471-8FA1F224AFD8}.Debug|x86.ActiveCfg = Debug|x64
		{A7F44879-8351-4675-A471-8FA1F224AFD8}.Release|Any CPU.ActiveCfg = Release|x64
		{A7F44879-8351-4675-A471-8FA1F224AFD8}.Release|x64.ActiveCfg = Release|x64
		{A7F44879-8351-4675-A471-8FA1F224AFD8}.Release|x64.Build.0 = Release|x64
		{A7F44879-8351-4675-A471-8FA1F224AFD8}.Release|x86.ActiveCfg = Release|x64
		{C8BA1D50-0B76-48CF-B2AF-F5EFB8B82D11}.Debug|Any CPU.ActiveCfg = Debug|x64
		{C8BA1D50-0B76-48CF-B2AF-F5EFB8B82D11}.Debug|x64.ActiveCfg = Debug|x64
		{C8BA1D50-0B76-48CF-B2AF-F5EFB8B82D11}.Debug|x64.Build.0 = Debug|x64
		{C8BA1D50-0B76-48CF-B2AF-F5EFB8B82D11}.Debug|x86.ActiveCfg = Debug|x64
		{C8BA1D50-0B76-48CF-B2AF-F5EFB8B82D11}.Release|Any CPU.ActiveCfg = Release|x64
		{C8BA1D50-0B76-48CF-B2AF-F5EFB8B82D11}.Release|x64.ActiveCfg = Release|x64
		{C8BA1D50-0B76-48CF-B2AF-F5EFB8B82D11}.Release|x64.Build.0 = Release|x64
		{C8BA1D50-0B76-48CF-B2AF-F5EFB8B82D11}.Release|x86.ActiveCfg = Release|x64
		{D23D1F3F-76EB-409C-8DED-CCCC51881A7C}.Debug|Any CPU.ActiveCfg = Debug|Any CPU
		{D23D1F3F-76EB-409C-8DED-CCCC51881A7C}.Debug|Any CPU.Build.0 = Debug|Any CPU
		{D23D1F3F-76EB-409C-8DED-CCCC51881A7C}.Debug|x64.ActiveCfg = Debug|Any CPU
		{D23D1F3F-76EB-409C-8DED-CCCC51881A7C}.Debug|x64.Build.0 = Debug|Any CPU
		{D23D1F3F-76EB-409C-8DED-CCCC51881A7C}.Debug|x86.ActiveCfg = Debug|Any CPU
		{D23D1F3F-76EB-409C-8DED-CCCC51881A7C}.Debug|x86.Build.0 = Debug|Any CPU
		{D23D1F3F-76EB-409C-8DED-CCCC51881A7C}.Release|Any CPU.ActiveCfg = Release|Any CPU
		{D23D1F3F-76EB-409C-8DED-CCCC51881A7C}.Release|Any CPU.Build.0 = Release|Any CPU
		{D23D1F3F-76EB-409C-8DED-CCCC51881A7C}.Release|x64.ActiveCfg = Release|Any CPU
		{D23D1F3F-76EB-409C-8DED-CCCC51881A7C}.Release|x64.Build.0 = Release|Any CPU
		{D23D1F3F-76EB-409C-8DED-CCCC51881A7C}.Release|x86.ActiveCfg = Release|Any CPU
		{D23D1F3F-76EB-409C-8DED-CCCC51881A7C}.Release|x86.Build.0 = Release|Any CPU
		{72F40585-557E-420E-9280-7CA4ABFB5055}.Debug|Any CPU.ActiveCfg = Debug|Win32
		{72F40585-557E-420E-9280-7CA4ABFB5055}.Debug|x64.ActiveCfg = Debug|x64
		{72F40585-557E-420E-9280-7CA4ABFB5055}.Debug|x64.Build.0 = Debug|x64
		{72F40585-557E-420E-9280-7CA4ABFB5055}.Debug|x86.ActiveCfg = Debug|Win32
		{72F40585-557E-420E-9280-7CA4ABFB5055}.Debug|x86.Build.0 = Debug|Win32
		{72F40585-557E-420E-9280-7CA4ABFB5055}.Release|Any CPU.ActiveCfg = Release|Win32
		{72F40585-557E-420E-9280-7CA4ABFB5055}.Release|x64.ActiveCfg = Release|x64
		{72F40585-557E-420E-9280-7CA4ABFB5055}.Release|x64.Build.0 = Release|x64
		{72F40585-557E-420E-9280-7CA4ABFB5055}.Release|x86.ActiveCfg = Release|Win32
		{72F40585-557E-420E-9280-7CA4ABFB5055}.Release|x86.Build.0 = Release|Win32
		{CF4291D7-AAA7-4DB8-9379-F7B1C122556D}.Debug|Any CPU.ActiveCfg = Debug|Win32
		{CF4291D7-AAA7-4DB8-9379-F7B1C122556D}.Debug|x64.ActiveCfg = Debug|x64
		{CF4291D7-AAA7-4DB8-9379-F7B1C122556D}.Debug|x64.Build.0 = Debug|x64
		{CF4291D7-AAA7-4DB8-9379-F7B1C122556D}.Debug|x86.ActiveCfg = Debug|Win32
		{CF4291D7-AAA7-4DB8-9379-F7B1C122556D}.Debug|x86.Build.0 = Debug|Win32
		{CF4291D7-AAA7-4DB8-9379-F7B1C122556D}.Release|Any CPU.ActiveCfg = Release|Win32
		{CF4291D7-AAA7-4DB8-9379-F7B1C122556D}.Release|x64.ActiveCfg = Release|x64
		{CF4291D7-AAA7-4DB8-9379-F7B1C122556D}.Release|x64.Build.0 = Release|x64
		{CF4291D7-AAA7-4DB8-9379-F7B1C122556D}.Release|x86.ActiveCfg = Release|Win32
		{CF4291D7-AAA7-4DB8-9379-F7B1C122556D}.Release|x86.Build.0 = Release|Win32
		{C3CAD7FA-AF32-497F-A663-072EDB67868B}.Debug|Any CPU.ActiveCfg = Debug|Win32
		{C3CAD7FA-AF32-497F-A663-072EDB67868B}.Debug|x64.ActiveCfg = Debug|x64
		{C3CAD7FA-AF32-497F-A663-072EDB67868B}.Debug|x64.Build.0 = Debug|x64
		{C3CAD7FA-AF32-497F-A663-072EDB67868B}.Debug|x86.ActiveCfg = Debug|Win32
		{C3CAD7FA-AF32-497F-A663-072EDB67868B}.Debug|x86.Build.0 = Debug|Win32
		{C3CAD7FA-AF32-497F-A663-072EDB67868B}.Release|Any CPU.ActiveCfg = Release|Win32
		{C3CAD7FA-AF32-497F-A663-072EDB67868B}.Release|x64.ActiveCfg = Release|x64
		{C3CAD7FA-AF32-497F-A663-072EDB67868B}.Release|x64.Build.0 = Release|x64
		{C3CAD7FA-AF32-497F-A663-072EDB67868B}.Release|x86.ActiveCfg = Release|Win32
		{C3CAD7FA-AF32-497F-A663-072EDB67868B}.Release|x86.Build.0 = Release|Win32
		{496B1D15-D950-4485-B562-4DFB9698D703}.Debug|Any CPU.ActiveCfg = Debug|Win32
		{496B1D15-D950-4485-B562-4DFB9698D703}.Debug|x64.ActiveCfg = Debug|x64
		{496B1D15-D950-4485-B562-4DFB9698D703}.Debug|x64.Build.0 = Debug|x64
		{496B1D15-D950-4485-B562-4DFB9698D703}.Debug|x86.ActiveCfg = Debug|Win32
		{496B1D15-D950-4485-B562-4DFB9698D703}.Debug|x86.Build.0 = Debug|Win32
		{496B1D15-D950-4485-B562-4DFB9698D703}.Release|Any CPU.ActiveCfg = Release|Win32
		{496B1D15-D950-4485-B562-4DFB9698D703}.Release|x64.ActiveCfg = Release|x64
		{496B1D15-D950-4485-B562-4DFB9698D703}.Release|x64.Build.0 = Release|x64
		{496B1D15-D950-4485-B562-4DFB9698D703}.Release|x86.ActiveCfg = Release|Win32
		{496B1D15-D950-4485-B562-4DFB9698D703}.Release|x86.Build.0 = Release|Win32
		{046DF223-A61D-4229-A823-A01DA5688B2E}.Debug|Any CPU.ActiveCfg = Debug|Win32
		{046DF223-A61D-4229-A823-A01DA5688B2E}.Debug|x64.ActiveCfg = Debug|x64
		{046DF223-A61D-4229-A823-A01DA5688B2E}.Debug|x64.Build.0 = Debug|x64
		{046DF223-A61D-4229-A823-A01DA5688B2E}.Debug|x86.ActiveCfg = Debug|Win32
		{046DF223-A61D-4229-A823-A01DA5688B2E}.Debug|x86.Build.0 = Debug|Win32
		{046DF223-A61D-4229-A823-A01DA5688B2E}.Release|Any CPU.ActiveCfg = Release|Win32
		{046DF223-A61D-4229-A823-A01DA5688B2E}.Release|x64.ActiveCfg = Release|x64
		{046DF223-A61D-4229-A823-A01DA5688B2E}.Release|x64.Build.0 = Release|x64
		{046DF223-A61D-4229-A823-A01DA5688B2E}.Release|x86.ActiveCfg = Release|Win32
		{046DF223-A61D-4229-A823-A01DA5688B2E}.Release|x86.Build.0 = Release|Win32
		{522212F3-4A54-46B7-AE41-258DA92F42AC}.Debug|Any CPU.ActiveCfg = Debug|Win32
		{522212F3-4A54-46B7-AE41-258DA92F42AC}.Debug|x64.ActiveCfg = Debug|x64
		{522212F3-4A54-46B7-AE41-258DA92F42AC}.Debug|x64.Build.0 = Debug|x64
		{522212F3-4A54-46B7-AE41-258DA92F42AC}.Debug|x86.ActiveCfg = Debug|Win32
		{522212F3-4A54-46B7-AE41-258DA92F42AC}.Debug|x86.Build.0 = Debug|Win32
		{522212F3-4A54-46B7-AE41-258DA92F42AC}.Release|Any CPU.ActiveCfg = Release|Win32
		{522212F3-4A54-46B7-AE41-258DA92F42AC}.Release|x64.ActiveCfg = Release|x64
		{522212F3-4A54-46B7-AE41-258DA92F42AC}.Release|x64.Build.0 = Release|x64
		{522212F3-4A54-46B7-AE41-258DA92F42AC}.Release|x86.ActiveCfg = Release|Win32
		{522212F3-4A54-46B7-AE41-258DA92F42AC}.Release|x86.Build.0 = Release|Win32
		{CBD32F00-FB91-48C4-AC0A-D82C3D839B1D}.Debug|Any CPU.ActiveCfg = Debug|Win32
		{CBD32F00-FB91-48C4-AC0A-D82C3D839B1D}.Debug|x64.ActiveCfg = Debug|x64
		{CBD32F00-FB91-48C4-AC0A-D82C3D839B1D}.Debug|x64.Build.0 = Debug|x64
		{CBD32F00-FB91-48C4-AC0A-D82C3D839B1D}.Debug|x86.ActiveCfg = Debug|Win32
		{CBD32F00-FB91-48C4-AC0A-D82C3D839B1D}.Debug|x86.Build.0 = Debug|Win32
		{CBD32F00-FB91-48C4-AC0A-D82C3D839B1D}.Release|Any CPU.ActiveCfg = Release|Win32
		{CBD32F00-FB91-48C4-AC0A-D82C3D839B1D}.Release|x64.ActiveCfg = Release|x64
		{CBD32F00-FB91-48C4-AC0A-D82C3D839B1D}.Release|x64.Build.0 = Release|x64
		{CBD32F00-FB91-48C4-AC0A-D82C3D839B1D}.Release|x86.ActiveCfg = Release|Win32
		{CBD32F00-FB91-48C4-AC0A-D82C3D839B1D}.Release|x86.Build.0 = Release|Win32
		{DD33D3D6-909C-414B-8E09-C12C99E13B54}.Debug|Any CPU.ActiveCfg = Debug|Win32
		{DD33D3D6-909C-414B-8E09-C12C99E13B54}.Debug|x64.ActiveCfg = Debug|x64
		{DD33D3D6-909C-414B-8E09-C12C99E13B54}.Debug|x64.Build.0 = Debug|x64
		{DD33D3D6-909C-414B-8E09-C12C99E13B54}.Debug|x86.ActiveCfg = Debug|Win32
		{DD33D3D6-909C-414B-8E09-C12C99E13B54}.Debug|x86.Build.0 = Debug|Win32
		{DD33D3D6-909C-414B-8E09-C12C99E13B54}.Release|Any CPU.ActiveCfg = Release|Win32
		{DD33D3D6-909C-414B-8E09-C12C99E13B54}.Release|x64.ActiveCfg = Release|x64
		{DD33D3D6-909C-414B-8E09-C12C99E13B54}.Release|x64.Build.0 = Release|x64
		{DD33D3D6-909C-414B-8E09-C12C99E13B54}.Release|x86.ActiveCfg = Release|Win32
		{DD33D3D6-909C-414B-8E09-C12C99E13B54}.Release|x86.Build.0 = Release|Win32
		{C7AC6FEE-68ED-431F-95E3-9BC98B456582}.Debug|Any CPU.ActiveCfg = Debug|Win32
		{C7AC6FEE-68ED-431F-95E3-9BC98B456582}.Debug|x64.ActiveCfg = Debug|x64
		{C7AC6FEE-68ED-431F-95E3-9BC98B456582}.Debug|x64.Build.0 = Debug|x64
		{C7AC6FEE-68ED-431F-95E3-9BC98B456582}.Debug|x86.ActiveCfg = Debug|Win32
		{C7AC6FEE-68ED-431F-95E3-9BC98B456582}.Debug|x86.Build.0 = Debug|Win32
		{C7AC6FEE-68ED-431F-95E3-9BC98B456582}.Release|Any CPU.ActiveCfg = Release|Win32
		{C7AC6FEE-68ED-431F-95E3-9BC98B456582}.Release|x64.ActiveCfg = Release|x64
		{C7AC6FEE-68ED-431F-95E3-9BC98B456582}.Release|x64.Build.0 = Release|x64
		{C7AC6FEE-68ED-431F-95E3-9BC98B456582}.Release|x86.ActiveCfg = Release|Win32
		{C7AC6FEE-68ED-431F-95E3-9BC98B456582}.Release|x86.Build.0 = Release|Win32
	EndGlobalSection
	GlobalSection(SolutionProperties) = preSolution
		HideSolutionNode = FALSE
	EndGlobalSection
	GlobalSection(NestedProjects) = preSolution
		{0F3E4B8F-D9D0-403E-BFED-C06FCA069B58} = {EC14B05F-66A2-41EF-9F1B-E4DC47C8E60E}
		{A7F44879-8351-4675-A471-8FA1F224AFD8} = {EC14B05F-66A2-41EF-9F1B-E4DC47C8E60E}
		{C8BA1D50-0B76-48CF-B2AF-F5EFB8B82D11} = {EC14B05F-66A2-41EF-9F1B-E4DC47C8E60E}
		{D23D1F3F-76EB-409C-8DED-CCCC51881A7C} = {EC14B05F-66A2-41EF-9F1B-E4DC47C8E60E}
		{72F40585-557E-420E-9280-7CA4ABFB5055} = {1DC4F22D-C50C-4D19-B459-8755E67EF3FA}
		{CF4291D7-AAA7-4DB8-9379-F7B1C122556D} = {1DC4F22D-C50C-4D19-B459-8755E67EF3FA}
		{C3CAD7FA-AF32-497F-A663-072EDB67868B} = {1DC4F22D-C50C-4D19-B459-8755E67EF3FA}
		{496B1D15-D950-4485-B562-4DFB9698D703} = {1DC4F22D-C50C-4D19-B459-8755E67EF3FA}
		{046DF223-A61D-4229-A823-A01DA5688B2E} = {1DC4F22D-C50C-4D19-B459-8755E67EF3FA}
		{522212F3-4A54-46B7-AE41-258DA92F42AC} = {1DC4F22D-C50C-4D19-B459-8755E67EF3FA}
		{CBD32F00-FB91-48C4-AC0A-D82C3D839B1D} = {1DC4F22D-C50C-4D19-B459-8755E67EF3FA}
		{DD33D3D6-909C-414B-8E09-C12C99E13B54} = {EC14B05F-66A2-41EF-9F1B-E4DC47C8E60E}
		{C7AC6FEE-68ED-431F-95E3-9BC98B456582} = {1DC4F22D-C50C-4D19-B459-8755E67EF3FA}
	EndGlobalSection
	GlobalSection(ExtensibilityGlobals) = postSolution
		SolutionGuid = {F8A47901-D3C3-4110-A63F-61E156458D08}
	EndGlobalSection
EndGlobal
