<?xml version="1.0" encoding="utf-8"?>
<Project ToolsVersion="4.0" xmlns="http://schemas.microsoft.com/developer/msbuild/2003">
  <ItemGroup>
    <ClInclude Include="Public\Filesystem\FilesystemAPI.h" />
    <ClInclude Include="Private\Filesystem.h" />
    <ClInclude Include="Public\Filesystem\IFilesystem.h" />
    <ClInclude Include="Public\Filesystem\FilePath.h" />
  </ItemGroup>
  <ItemGroup>
    <ClCompile Include="Private\Filesystem.cpp" />
  </ItemGroup>
</Project>