<?xml version="1.0" encoding="utf-8"?>
<Project ToolsVersion="4.0" xmlns="http://schemas.microsoft.com/developer/msbuild/2003">
  <ItemGroup>
    <ClCompile Include="src\main.cpp" />
    <ClCompile Include="src\Overworld.cpp" />
    <ClCompile Include="src\BoatGame.cpp" />
    <ClCompile Include="src\ECS\RenderSystem.cpp" />
    <ClCompile Include="src\ECS\PhysicsSystem.cpp" />
    <ClCompile Include="src\ECS\LogicSystem.cpp" />
    <ClCompile Include="src\Physics\ContactListener.cpp" />
  </ItemGroup>
  <ItemGroup>
    <ClInclude Include="include\Overworld.h" />
    <ClInclude Include="include\ECS\Entity.h" />
    <ClInclude Include="include\ECS\PhysicsSystem.h" />
    <ClInclude Include="include\BoatGame.h" />
    <ClInclude Include="include\ECS\RenderSystem.h" />
    <ClInclude Include="include\ECS\LogicSystem.h" />
    <ClInclude Include="include\Physics\ContactListener.h" />
    <ClInclude Include="include\Logic\PhysicsBindings.h" />
  </ItemGroup>
</Project>