<?xml version="1.0" encoding="utf-8"?>
<Project ToolsVersion="4.0" xmlns="http://schemas.microsoft.com/developer/msbuild/2003">
  <ItemGroup>
    <ClCompile Include="src\Core.cpp">
      <Filter>Source Files</Filter>
    </ClCompile>
    <ClCompile Include="src\GLEngine.cpp">
      <Filter>Source Files</Filter>
    </ClCompile>
    <ClCompile Include="src\rde\allocator.cpp">
      <Filter>Source Files\rde</Filter>
    </ClCompile>
    <ClCompile Include="src\rde\intrusive_list.cpp">
      <Filter>Source Files\rde</Filter>
    </ClCompile>
    <ClCompile Include="src\rde\intrusive_slist.cpp">
      <Filter>Source Files\rde</Filter>
    </ClCompile>
    <ClCompile Include="src\rde\list.cpp">
      <Filter>Source Files\rde</Filter>
    </ClCompile>
    <ClCompile Include="src\rde\slist.cpp">
      <Filter>Source Files\rde</Filter>
    </ClCompile>
    <ClCompile Include="src\Input\Input.cpp">
      <Filter>Source Files\Input</Filter>
    </ClCompile>
    <ClCompile Include="src\Graphics\Graphics.cpp">
      <Filter>Source Files\Graphics</Filter>
    </ClCompile>
    <ClCompile Include="src\Graphics\PerspectiveCamera.cpp">
      <Filter>Source Files\Graphics</Filter>
    </ClCompile>
    <ClCompile Include="src\Graphics\Pixmap.cpp">
      <Filter>Source Files\Graphics</Filter>
    </ClCompile>
    <ClCompile Include="src\Graphics\Frustum.cpp">
      <Filter>Source Files\Graphics</Filter>
    </ClCompile>
    <ClCompile Include="src\Graphics\GL\GLMesh.cpp">
      <Filter>Source Files\Graphics\GL</Filter>
    </ClCompile>
    <ClCompile Include="src\Utils\FileHandle.cpp">
      <Filter>Source Files\Utils</Filter>
    </ClCompile>
    <ClCompile Include="src\rde\rde_string.cpp">
      <Filter>Source Files\rde</Filter>
    </ClCompile>
    <ClCompile Include="src\Utils\CheckGLError.cpp">
      <Filter>Source Files\Utils</Filter>
    </ClCompile>
    <ClCompile Include="src\Utils\FPSCameraController.cpp">
      <Filter>Source Files\Utils</Filter>
    </ClCompile>
    <ClCompile Include="src\Graphics\GL\Tech\ClusteredShading.cpp">
      <Filter>Source Files\Graphics\GL\Tech</Filter>
    </ClCompile>
    <ClCompile Include="src\Graphics\GL\Tech\TiledShading.cpp">
      <Filter>Source Files\Graphics\GL\Tech</Filter>
    </ClCompile>
    <ClCompile Include="src\Utils\sphereToScreenSpaceBounds.cpp">
      <Filter>Source Files\Utils</Filter>
    </ClCompile>
    <ClCompile Include="src\Utils\getGLTextureFormat.cpp">
      <Filter>Source Files\Utils</Filter>
    </ClCompile>
    <ClCompile Include="src\Utils\FileModificationListener.cpp">
      <Filter>Source Files\Utils</Filter>
    </ClCompile>
    <ClCompile Include="src\Utils\FileModificationManager.cpp">
      <Filter>Source Files\Utils</Filter>
    </ClCompile>
    <ClCompile Include="src\Graphics\LightManager.cpp">
      <Filter>Source Files\Graphics</Filter>
    </ClCompile>
    <ClCompile Include="src\Graphics\tryEnableARBDebugOutput.cpp">
      <Filter>Source Files\Graphics</Filter>
    </ClCompile>
    <ClCompile Include="src\Graphics\GL\GLVars.cpp" />
    <ClCompile Include="src\entityx\help\Pool.cc" />
    <ClCompile Include="src\entityx\help\Timer.cc" />
    <ClCompile Include="src\entityx\Entity.cc" />
    <ClCompile Include="src\entityx\Event.cc" />
    <ClCompile Include="src\entityx\System.cc" />
    <ClCompile Include="src\Utils\WindowsPlatformData.cpp" />
    <ClCompile Include="src\Editor\EditorPipeline.cpp" />
    <ClCompile Include="src\Graphics\GL\Wrappers\GLConstantBuffer.cpp">
      <Filter>Source Files\Graphics\GL\Core</Filter>
    </ClCompile>
    <ClCompile Include="src\Graphics\GL\Wrappers\GLFramebuffer.cpp">
      <Filter>Source Files\Graphics\GL\Core</Filter>
    </ClCompile>
    <ClCompile Include="src\Graphics\GL\Wrappers\GLShader.cpp">
      <Filter>Source Files\Graphics\GL\Core</Filter>
    </ClCompile>
    <ClCompile Include="src\Graphics\GL\Wrappers\GLStateBuffer.cpp">
      <Filter>Source Files\Graphics\GL\Core</Filter>
    </ClCompile>
    <ClCompile Include="src\Graphics\GL\Wrappers\GLTexture.cpp">
      <Filter>Source Files\Graphics\GL\Core</Filter>
    </ClCompile>
    <ClCompile Include="src\Graphics\GL\Wrappers\GLTextureArray.cpp">
      <Filter>Source Files\Graphics\GL\Core</Filter>
    </ClCompile>
    <ClCompile Include="src\Graphics\GL\Wrappers\GLTextureBuffer.cpp">
      <Filter>Source Files\Graphics\GL\Core</Filter>
    </ClCompile>
    <ClCompile Include="src\Graphics\GL\Wrappers\GLUniform.cpp">
      <Filter>Source Files\Graphics\GL\Core</Filter>
    </ClCompile>
    <ClCompile Include="src\Graphics\GL\Wrappers\GLVertexBuffer.cpp">
      <Filter>Source Files\Graphics\GL\Core</Filter>
    </ClCompile>
    <ClCompile Include="src\Editor\Editor.cpp" />
    <ClCompile Include="src\Utils\Semaphore.cpp" />
    <ClCompile Include="src\Utils\JobScheduler.cpp" />
    <ClCompile Include="src\json\json_reader.cpp" />
    <ClCompile Include="src\json\json_value.cpp" />
    <ClCompile Include="src\json\json_writer.cpp" />
    <ClCompile Include="src\UI\Frame.cpp" />
    <ClCompile Include="src\UI\Widgets\TextButton.cpp" />
    <ClCompile Include="src\UI\Widgets\ImageButton.cpp" />
    <ClCompile Include="src\UI\Widgets\Widget.cpp" />
    <ClCompile Include="src\UI\Layout.cpp" />
  </ItemGroup>
  <ItemGroup>
    <ClInclude Include="include\Public\GLEngine.h" />
    <ClInclude Include="include\Public\Editor\CommandType.h" />
    <ClInclude Include="include\Public\Editor\Editor.h" />
    <ClInclude Include="include\Public\Editor\EditorPipeline.h" />
    <ClInclude Include="include\Public\entityx\3rdparty\catch.hpp" />
    <ClInclude Include="include\Public\entityx\3rdparty\simplesignal.h" />
    <ClInclude Include="include\Public\entityx\deps\Dependencies.h" />
    <ClInclude Include="include\Public\entityx\help\NonCopyable.h" />
    <ClInclude Include="include\Public\entityx\help\Pool.h" />
    <ClInclude Include="include\Public\entityx\help\Timer.h" />
    <ClInclude Include="include\Public\entityx\config.h" />
    <ClInclude Include="include\Public\entityx\Entity.h" />
    <ClInclude Include="include\Public\entityx\entityx.h" />
    <ClInclude Include="include\Public\entityx\Event.h" />
    <ClInclude Include="include\Public\entityx\quick.h" />
    <ClInclude Include="include\Public\entityx\System.h" />
    <ClInclude Include="include\Public\Graphics\GL\Tech\ClusteredShading.h" />
    <ClInclude Include="include\Public\Graphics\GL\Tech\TiledShading.h" />
    <ClInclude Include="include\Public\Graphics\GL\Wrappers\GLConstantBuffer.h" />
    <ClInclude Include="include\Public\Graphics\GL\Wrappers\GLFramebuffer.h" />
    <ClInclude Include="include\Public\Graphics\GL\Wrappers\GLShader.h" />
    <ClInclude Include="include\Public\Graphics\GL\Wrappers\GLStateBuffer.h" />
    <ClInclude Include="include\Public\Graphics\GL\Wrappers\GLTexture.h" />
    <ClInclude Include="include\Public\Graphics\GL\Wrappers\GLTextureArray.h" />
    <ClInclude Include="include\Public\Graphics\GL\Wrappers\GLTextureBuffer.h" />
    <ClInclude Include="include\Public\Graphics\GL\Wrappers\GLUniform.h" />
    <ClInclude Include="include\Public\Graphics\GL\Wrappers\GLVertexBuffer.h" />
    <ClInclude Include="include\Public\Graphics\GL\GL.h" />
    <ClInclude Include="include\Public\Graphics\GL\GLDefines.h" />
    <ClInclude Include="include\Public\Graphics\GL\GLMesh.h" />
    <ClInclude Include="include\Public\Graphics\GL\GLTypes.h" />
    <ClInclude Include="include\Public\Graphics\GL\GLVars.h" />
    <ClInclude Include="include\Public\Graphics\Frustum.h" />
    <ClInclude Include="include\Public\Graphics\Graphics.h" />
    <ClInclude Include="include\Public\Graphics\LightManager.h" />
    <ClInclude Include="include\Public\Graphics\PerspectiveCamera.h" />
    <ClInclude Include="include\Public\Graphics\Pixmap.h" />
    <ClInclude Include="include\Public\Input\EKey.h" />
    <ClInclude Include="include\Public\Input\EMouseButton.h" />
    <ClInclude Include="include\Public\Input\Input.h" />
    <ClInclude Include="include\Public\rde\algorithm.h" />
    <ClInclude Include="include\Public\rde\alignment.h" />
    <ClInclude Include="include\Public\rde\allocator.h" />
    <ClInclude Include="include\Public\rde\basic_string.h" />
    <ClInclude Include="include\Public\rde\buffer_allocator.h" />
    <ClInclude Include="include\Public\rde\cow_string_storage.h" />
    <ClInclude Include="include\Public\rde\fixed_array.h" />
    <ClInclude Include="include\Public\rde\fixed_list.h" />
    <ClInclude Include="include\Public\rde\fixed_sorted_vector.h" />
    <ClInclude Include="include\Public\rde\fixed_substring.h" />
    <ClInclude Include="include\Public\rde\fixed_vector.h" />
    <ClInclude Include="include\Public\rde\functional.h" />
    <ClInclude Include="include\Public\rde\hash.h" />
    <ClInclude Include="include\Public\rde\hash_map.h" />
    <ClInclude Include="include\Public\rde\int_to_type.h" />
    <ClInclude Include="include\Public\rde\intrusive_list.h" />
    <ClInclude Include="include\Public\rde\intrusive_slist.h" />
    <ClInclude Include="include\Public\rde\iterator.h" />
    <ClInclude Include="include\Public\rde\list.h" />
    <ClInclude Include="include\Public\rde\map.h" />
    <ClInclude Include="include\Public\rde\pair.h" />
    <ClInclude Include="include\Public\rde\radix_sorter.h" />
    <ClInclude Include="include\Public\rde\rb_tree.h" />
    <ClInclude Include="include\Public\rde\rde_string.h" />
    <ClInclude Include="include\Public\rde\rdestl.h" />
    <ClInclude Include="include\Public\rde\rdestl_common.h" />
    <ClInclude Include="include\Public\rde\set.h" />
    <ClInclude Include="include\Public\rde\simple_string_storage.h" />
    <ClInclude Include="include\Public\rde\slist.h" />
    <ClInclude Include="include\Public\rde\sort.h" />
    <ClInclude Include="include\Public\rde\sorted_vector.h" />
    <ClInclude Include="include\Public\rde\sstream.h" />
    <ClInclude Include="include\Public\rde\stack.h" />
    <ClInclude Include="include\Public\rde\stack_allocator.h" />
    <ClInclude Include="include\Public\rde\string_utils.h" />
    <ClInclude Include="include\Public\rde\stringforward.h" />
    <ClInclude Include="include\Public\rde\type_traits.h" />
    <ClInclude Include="include\Public\rde\utility.h" />
    <ClInclude Include="include\Public\rde\vector.h" />
    <ClInclude Include="include\Public\Utils\ConcurrentQueue.h" />
    <ClInclude Include="include\Public\Utils\EResourceType.h" />
    <ClInclude Include="include\Public\Utils\FileHandle.h" />
    <ClInclude Include="include\Public\Utils\FileModificationListener.h" />
    <ClInclude Include="include\Public\Utils\FileModificationManager.h" />
    <ClInclude Include="include\Public\Utils\FPSCameraController.h" />
    <ClInclude Include="include\Public\Utils\JobScheduler.h" />
    <ClInclude Include="include\Public\Utils\ListenerMacros.h" />
    <ClInclude Include="include\Public\Utils\MatForward.h" />
    <ClInclude Include="include\Public\Utils\Semaphore.h" />
    <ClInclude Include="include\Public\Utils\VecForward.h" />
    <ClInclude Include="include\Public\Core.h" />
    <ClInclude Include="include\Private\Graphics\tryEnableARBDebugOutput.h" />
    <ClInclude Include="include\Private\Utils\Bounds2D.h" />
    <ClInclude Include="include\Private\Utils\Bounds3D.h" />
    <ClInclude Include="include\Private\Utils\CheckGLError.h" />
    <ClInclude Include="include\Private\Utils\getGLTextureFormat.h" />
    <ClInclude Include="include\Private\Utils\WindowsPlatformData.h" />
    <ClInclude Include="include\Private\Utils\sphereToScreenSpaceBounds.h" />
    <ClInclude Include="include\Public\Graphics\TextureRegion.h" />
    <ClInclude Include="include\Public\UI\Frame.h" />
    <ClInclude Include="include\Public\UI\Font.h" />
    <ClInclude Include="include\Public\UI\Style.h" />
    <ClInclude Include="include\Public\json\assertions.h" />
    <ClInclude Include="include\Public\json\autolink.h" />
    <ClInclude Include="include\Public\json\config.h" />
    <ClInclude Include="include\Public\json\features.h" />
    <ClInclude Include="include\Public\json\forwards.h" />
    <ClInclude Include="include\Public\json\json.h" />
    <ClInclude Include="include\Public\json\reader.h" />
    <ClInclude Include="include\Public\json\value.h" />
    <ClInclude Include="include\Public\json\version.h" />
    <ClInclude Include="include\Public\json\writer.h" />
    <ClInclude Include="src\json\json_tool.h" />
    <ClInclude Include="include\Public\UI\Layout.h" />
    <ClInclude Include="include\Public\UI\Widgets\TextButton.h" />
    <ClInclude Include="include\Public\UI\Widgets\ImageButton.h" />
    <ClInclude Include="include\Public\UI\Widgets\Widget.h" />
  </ItemGroup>
  <ItemGroup>
    <Filter Include="Header Files">
      <UniqueIdentifier>{c3929a23-77d5-4d5d-bcd2-5b7d4849cb9f}</UniqueIdentifier>
    </Filter>
    <Filter Include="Source Files">
      <UniqueIdentifier>{ce916186-5d2f-42e7-b721-6d332aa7c9da}</UniqueIdentifier>
    </Filter>
    <Filter Include="Source Files\rde">
      <UniqueIdentifier>{fe024b94-f287-4ca6-9bff-003e4fbb4081}</UniqueIdentifier>
    </Filter>
    <Filter Include="Header Files\rde">
      <UniqueIdentifier>{0385059d-b9de-4467-b553-07009e1b8497}</UniqueIdentifier>
    </Filter>
    <Filter Include="Header Files\Utils">
      <UniqueIdentifier>{cb1ddaf1-aedf-4453-b457-54817d26e244}</UniqueIdentifier>
    </Filter>
    <Filter Include="Header Files\Core">
      <UniqueIdentifier>{b27c6e96-c869-40a7-bbe1-ce2928a5e759}</UniqueIdentifier>
    </Filter>
    <Filter Include="Header Files\Graphics">
      <UniqueIdentifier>{b249c0a9-2602-4c93-be42-a4a3886608fe}</UniqueIdentifier>
    </Filter>
    <Filter Include="Header Files\Input">
      <UniqueIdentifier>{8a3f4f49-5797-4d5d-b59e-802b5e585ffb}</UniqueIdentifier>
    </Filter>
    <Filter Include="Source Files\Core">
      <UniqueIdentifier>{0ae545d4-3401-43fd-a78d-7486196b6c1c}</UniqueIdentifier>
    </Filter>
    <Filter Include="Source Files\Graphics">
      <UniqueIdentifier>{bec5600e-bf8c-4af0-a279-1dbc737dcfe6}</UniqueIdentifier>
    </Filter>
    <Filter Include="Source Files\Input">
      <UniqueIdentifier>{b67d66d6-b553-4723-9bb4-2848fca31a51}</UniqueIdentifier>
    </Filter>
    <Filter Include="Source Files\Utils">
      <UniqueIdentifier>{21df264a-d635-4382-aef5-fd92dfe50d29}</UniqueIdentifier>
    </Filter>
    <Filter Include="Header Files\Graphics\GL">
      <UniqueIdentifier>{eda25695-8fbe-4fe4-8c8a-f0dd55c52d66}</UniqueIdentifier>
    </Filter>
    <Filter Include="Header Files\Graphics\GL\Core">
      <UniqueIdentifier>{9ae7c1fb-6b6b-45a0-bd9c-fbf7ac2dcbe9}</UniqueIdentifier>
    </Filter>
    <Filter Include="Source Files\Graphics\GL">
      <UniqueIdentifier>{dfa02db1-8009-4425-858c-aad50a68dd1d}</UniqueIdentifier>
    </Filter>
    <Filter Include="Source Files\Graphics\GL\Core">
      <UniqueIdentifier>{d4e65135-cafc-4abf-8c55-8cd95328083e}</UniqueIdentifier>
    </Filter>
    <Filter Include="Header Files\Graphics\GL\Tech">
      <UniqueIdentifier>{545e9a04-f1ac-451c-9b83-e258e8b003a5}</UniqueIdentifier>
    </Filter>
    <Filter Include="Source Files\Graphics\GL\Tech">
      <UniqueIdentifier>{59c56805-b4e3-4e2f-a3b4-26c566273747}</UniqueIdentifier>
    </Filter>
    <Filter Include="Header Files\Scene">
      <UniqueIdentifier>{bbd706cf-5644-4e83-b4e8-2f61b4664b9d}</UniqueIdentifier>
    </Filter>
    <Filter Include="Header Files\Scene\Systems">
      <UniqueIdentifier>{d88afa22-ed94-4905-ace8-9222901341a8}</UniqueIdentifier>
    </Filter>
    <Filter Include="Source Files\Scene">
      <UniqueIdentifier>{0198196e-5fdb-413f-a45e-e073e19734d1}</UniqueIdentifier>
    </Filter>
    <Filter Include="Source Files\Scene\Systems">
      <UniqueIdentifier>{cf3fa06b-a698-4e4b-86d0-d91a38342286}</UniqueIdentifier>
    </Filter>
  </ItemGroup>
  <ItemGroup>
    <None Include="include\Graphics\GL\Wrappers\GLConstantBuffer.h">
      <Filter>Header Files\Graphics\GL\Core</Filter>
    </None>
    <None Include="src\json\json_valueiterator.inl" />
  </ItemGroup>
</Project>