<?xml version="1.0" encoding="utf-8"?>
<Project ToolsVersion="4.0" xmlns="http://schemas.microsoft.com/developer/msbuild/2003">
  <ItemGroup>
    <ClInclude Include="Private\GL\GL.h" />
    <ClInclude Include="Public\Graphics\GraphicsAPI.h" />
    <ClInclude Include="Private\GL\GLBuffer.ixx" />
    <ClInclude Include="Private\GL\GLContext.ixx" />
    <ClInclude Include="Private\GL\GLFramebuffer.ixx" />
    <ClInclude Include="Private\GL\GLShader.ixx" />
    <ClInclude Include="Private\GL\GLTexture.ixx" />
    <ClInclude Include="Private\GL\GLUtils.ixx" />
    <ClInclude Include="Private\Platform\PlatformWindows.h" />
  </ItemGroup>
  <ItemGroup>
    <ClCompile Include="Private\Camera.ixx" />
    <ClCompile Include="Private\Frustum.ixx" />
    <ClCompile Include="Private\Window.ixx" />
    <ClCompile Include="Private\Graphics.ixx" />
    <ClCompile Include="Public\Graphics\IGraphics.ixx" />
    <ClCompile Include="Public\Graphics\IWindow.ixx" />
    <ClCompile Include="Public\Graphics\IBuffer.ixx" />
    <ClCompile Include="Public\Graphics\ICamera.ixx" />
    <ClCompile Include="Public\Graphics\IContext.ixx" />
    <ClCompile Include="Public\Graphics\IFramebuffer.ixx" />
    <ClCompile Include="Public\Graphics\IShader.ixx" />
    <ClCompile Include="Public\Graphics\IShaderStage.ixx" />
    <ClCompile Include="Public\Graphics\ITexture.ixx" />
    <ClCompile Include="Private\Platform\PlatformWindows.cpp" />
  </ItemGroup>
</Project>